// !$*UTF8*$!
{
	archiveVersion = 1;
	classes = {
	};
	objectVersion = 50;
	objects = {

/* Begin PBXBuildFile section */
		042BA790212B9E7500A7D18C /* TGScanCodeViewController.m in Sources */ = {isa = PBXBuildFile; fileRef = 042BA78F212B9E7500A7D18C /* TGScanCodeViewController.m */; };
		042BA795212BA4BC00A7D18C /* TGTodayScareBuyViewController.m in Sources */ = {isa = PBXBuildFile; fileRef = 042BA794212BA4BC00A7D18C /* TGTodayScareBuyViewController.m */; };
		042BA7AA212BADA200A7D18C /* NSString+SGPagingView.m in Sources */ = {isa = PBXBuildFile; fileRef = 042BA79A212BADA200A7D18C /* NSString+SGPagingView.m */; };
		042BA7AB212BADA200A7D18C /* UIButton+SGPagingView.m in Sources */ = {isa = PBXBuildFile; fileRef = 042BA79C212BADA200A7D18C /* UIButton+SGPagingView.m */; };
		042BA7AC212BADA200A7D18C /* UIView+SGPagingView.m in Sources */ = {isa = PBXBuildFile; fileRef = 042BA79E212BADA200A7D18C /* UIView+SGPagingView.m */; };
		042BA7AD212BADA200A7D18C /* SGPageContentCollectionView.m in Sources */ = {isa = PBXBuildFile; fileRef = 042BA7A1212BADA200A7D18C /* SGPageContentCollectionView.m */; };
		042BA7AE212BADA200A7D18C /* SGPageContentScrollView.m in Sources */ = {isa = PBXBuildFile; fileRef = 042BA7A3212BADA200A7D18C /* SGPageContentScrollView.m */; };
		042BA7AF212BADA200A7D18C /* SGPageTitleView.m in Sources */ = {isa = PBXBuildFile; fileRef = 042BA7A6212BADA200A7D18C /* SGPageTitleView.m */; };
		042BA7B0212BADA200A7D18C /* SGPageTitleViewConfigure.m in Sources */ = {isa = PBXBuildFile; fileRef = 042BA7A8212BADA200A7D18C /* SGPageTitleViewConfigure.m */; };
		042BA7B3212BB43400A7D18C /* TGTodayScareBuySubViewController.m in Sources */ = {isa = PBXBuildFile; fileRef = 042BA7B2212BB43400A7D18C /* TGTodayScareBuySubViewController.m */; };
		042BA7B9212BB5EC00A7D18C /* TGTodayScareBuySubCell.m in Sources */ = {isa = PBXBuildFile; fileRef = 042BA7B7212BB5EC00A7D18C /* TGTodayScareBuySubCell.m */; };
		042BA7BA212BB5EC00A7D18C /* TGTodayScareBuySubCell.xib in Resources */ = {isa = PBXBuildFile; fileRef = 042BA7B8212BB5EC00A7D18C /* TGTodayScareBuySubCell.xib */; };
		042BA7C0212BBA1E00A7D18C /* TGProgressView.m in Sources */ = {isa = PBXBuildFile; fileRef = 042BA7BF212BBA1E00A7D18C /* TGProgressView.m */; };
		042BA7C4212BC61000A7D18C /* TGPreferentialViewController.m in Sources */ = {isa = PBXBuildFile; fileRef = 042BA7C3212BC61000A7D18C /* TGPreferentialViewController.m */; };
		042BA7CB212BDCCE00A7D18C /* TGPreferentialSubViewController.m in Sources */ = {isa = PBXBuildFile; fileRef = 042BA7CA212BDCCE00A7D18C /* TGPreferentialSubViewController.m */; };
		042BA7CD212BDD6100A7D18C /* TGPreferentialSubViewController.xib in Resources */ = {isa = PBXBuildFile; fileRef = 042BA7CC212BDD6100A7D18C /* TGPreferentialSubViewController.xib */; };
		042BA7D1212BDF3900A7D18C /* TGSortBarView.m in Sources */ = {isa = PBXBuildFile; fileRef = 042BA7D0212BDF3900A7D18C /* TGSortBarView.m */; };
		042BA7D5212C0B7500A7D18C /* TGSortBarModel.m in Sources */ = {isa = PBXBuildFile; fileRef = 042BA7D4212C0B7500A7D18C /* TGSortBarModel.m */; };
		042BA7D8212C17F900A7D18C /* TGSortSelectModel.m in Sources */ = {isa = PBXBuildFile; fileRef = 042BA7D7212C17F900A7D18C /* TGSortSelectModel.m */; };
		0464B0AC21257793008F1404 /* TGHomeController.m in Sources */ = {isa = PBXBuildFile; fileRef = 0464B0AB21257793008F1404 /* TGHomeController.m */; };
		0464B0B421257B80008F1404 /* TGHomeHeaderView.m in Sources */ = {isa = PBXBuildFile; fileRef = 0464B0B321257B80008F1404 /* TGHomeHeaderView.m */; };
		0464B0B621257B8B008F1404 /* TGHomeHeaderView.xib in Resources */ = {isa = PBXBuildFile; fileRef = 0464B0B521257B8B008F1404 /* TGHomeHeaderView.xib */; };
		0464B0BB21266B5C008F1404 /* CALayer+UIColor.m in Sources */ = {isa = PBXBuildFile; fileRef = 0464B0BA21266B5C008F1404 /* CALayer+UIColor.m */; };
		0468A6A32126B16000191A04 /* TGHomeSectionHeaderView.m in Sources */ = {isa = PBXBuildFile; fileRef = 0468A6A22126B16000191A04 /* TGHomeSectionHeaderView.m */; };
		0468A6A72126BA0300191A04 /* TGHomeCell.m in Sources */ = {isa = PBXBuildFile; fileRef = 0468A6A52126BA0300191A04 /* TGHomeCell.m */; };
		0468A6A82126BA0300191A04 /* TGHomeCell.xib in Resources */ = {isa = PBXBuildFile; fileRef = 0468A6A62126BA0300191A04 /* TGHomeCell.xib */; };
		0468A6AE2126C2CD00191A04 /* TGHomeSearchBarView.m in Sources */ = {isa = PBXBuildFile; fileRef = 0468A6AD2126C2CD00191A04 /* TGHomeSearchBarView.m */; };
		0468A6B12126D25600191A04 /* TGHomeSelectShopKindsView.m in Sources */ = {isa = PBXBuildFile; fileRef = 0468A6B02126D25600191A04 /* TGHomeSelectShopKindsView.m */; };
		04899521212A67A800F912F9 /* TGHomeSelectShopKindsCRView.m in Sources */ = {isa = PBXBuildFile; fileRef = 0489951F212A67A800F912F9 /* TGHomeSelectShopKindsCRView.m */; };
		04899522212A67A800F912F9 /* TGHomeSelectShopKindsCRView.xib in Resources */ = {isa = PBXBuildFile; fileRef = 04899520212A67A800F912F9 /* TGHomeSelectShopKindsCRView.xib */; };
		04899536212AB94400F912F9 /* TGNetwork.m in Sources */ = {isa = PBXBuildFile; fileRef = 04899533212AB94400F912F9 /* TGNetwork.m */; };
		04899537212AB94400F912F9 /* NullSafe.m in Sources */ = {isa = PBXBuildFile; fileRef = 04899534212AB94400F912F9 /* NullSafe.m */; };
		0489953D212AB9AC00F912F9 /* TGBaseTableViewCell.m in Sources */ = {isa = PBXBuildFile; fileRef = 0489953C212AB9AC00F912F9 /* TGBaseTableViewCell.m */; };
		0489953E212ABD1D00F912F9 /* TGMinePersonalController.m in Sources */ = {isa = PBXBuildFile; fileRef = 2A6BA321212AB17F00D4B624 /* TGMinePersonalController.m */; };
		04F63FDB212CF5C8003A4C81 /* TGBaseCollectionCell.m in Sources */ = {isa = PBXBuildFile; fileRef = 04F63FDA212CF5C8003A4C81 /* TGBaseCollectionCell.m */; };
		04F63FDF212CF601003A4C81 /* TGPreferentialSubCell.m in Sources */ = {isa = PBXBuildFile; fileRef = 04F63FDD212CF601003A4C81 /* TGPreferentialSubCell.m */; };
		04F63FE0212CF601003A4C81 /* TGPreferentialSubCell.xib in Resources */ = {isa = PBXBuildFile; fileRef = 04F63FDE212CF601003A4C81 /* TGPreferentialSubCell.xib */; };
		04F63FE5212D06E6003A4C81 /* TGHotSearchViewController.m in Sources */ = {isa = PBXBuildFile; fileRef = 04F63FE4212D06E6003A4C81 /* TGHotSearchViewController.m */; };
		04F63FEA212D0720003A4C81 /* TGHotSearchCell.m in Sources */ = {isa = PBXBuildFile; fileRef = 04F63FE8212D0720003A4C81 /* TGHotSearchCell.m */; };
		04F63FEB212D0720003A4C81 /* TGHotSearchCell.xib in Resources */ = {isa = PBXBuildFile; fileRef = 04F63FE9212D0720003A4C81 /* TGHotSearchCell.xib */; };
		04F6DFF92126D8730014AC07 /* TGMineInvitationView.m in Sources */ = {isa = PBXBuildFile; fileRef = 2A537ADD212677680018F5DF /* TGMineInvitationView.m */; };
		04F6DFFA2126D8730014AC07 /* TGMOrdeListView.m in Sources */ = {isa = PBXBuildFile; fileRef = 2A537AE32126A6640018F5DF /* TGMOrdeListView.m */; };
		2A1FFF0821250D5500B7BD09 /* AppDelegate.m in Sources */ = {isa = PBXBuildFile; fileRef = 2A1FFF0721250D5500B7BD09 /* AppDelegate.m */; };
		2A1FFF0B21250D5500B7BD09 /* ViewController.m in Sources */ = {isa = PBXBuildFile; fileRef = 2A1FFF0A21250D5500B7BD09 /* ViewController.m */; };
		2A1FFF0E21250D5500B7BD09 /* Main.storyboard in Resources */ = {isa = PBXBuildFile; fileRef = 2A1FFF0C21250D5500B7BD09 /* Main.storyboard */; };
		2A1FFF1021250D5600B7BD09 /* Assets.xcassets in Resources */ = {isa = PBXBuildFile; fileRef = 2A1FFF0F21250D5600B7BD09 /* Assets.xcassets */; };
		2A1FFF1321250D5600B7BD09 /* LaunchScreen.storyboard in Resources */ = {isa = PBXBuildFile; fileRef = 2A1FFF1121250D5600B7BD09 /* LaunchScreen.storyboard */; };
		2A1FFF1621250D5700B7BD09 /* main.m in Sources */ = {isa = PBXBuildFile; fileRef = 2A1FFF1521250D5700B7BD09 /* main.m */; };
		2A1FFF282125188000B7BD09 /* Public.xcassets in Resources */ = {isa = PBXBuildFile; fileRef = 2A1FFF272125188000B7BD09 /* Public.xcassets */; };
		2A1FFF2F2125279600B7BD09 /* TGMineController.m in Sources */ = {isa = PBXBuildFile; fileRef = 2A1FFF2E2125279600B7BD09 /* TGMineController.m */; };
		2A1FFF332125638500B7BD09 /* TGMineHeadView.m in Sources */ = {isa = PBXBuildFile; fileRef = 2A1FFF322125638500B7BD09 /* TGMineHeadView.m */; };
		2A1FFF582125640D00B7BD09 /* UIImage+Color.m in Sources */ = {isa = PBXBuildFile; fileRef = 2A1FFF3A2125640D00B7BD09 /* UIImage+Color.m */; };
		2A1FFF592125640D00B7BD09 /* UIImage+Extensions.m in Sources */ = {isa = PBXBuildFile; fileRef = 2A1FFF3B2125640D00B7BD09 /* UIImage+Extensions.m */; };
		2A1FFF5B2125640D00B7BD09 /* UIView+LoadXIBView.m in Sources */ = {isa = PBXBuildFile; fileRef = 2A1FFF3F2125640D00B7BD09 /* UIView+LoadXIBView.m */; };
		2A1FFF5D2125640D00B7BD09 /* UITextView+Placeholder.m in Sources */ = {isa = PBXBuildFile; fileRef = 2A1FFF452125640D00B7BD09 /* UITextView+Placeholder.m */; };
		2A1FFF5E2125640D00B7BD09 /* UIBarButtonItem+CT.m in Sources */ = {isa = PBXBuildFile; fileRef = 2A1FFF482125640D00B7BD09 /* UIBarButtonItem+CT.m */; };
		2A1FFF5F2125640D00B7BD09 /* NSString+RegexCategory.m in Sources */ = {isa = PBXBuildFile; fileRef = 2A1FFF4C2125640D00B7BD09 /* NSString+RegexCategory.m */; };
		2A1FFF612125640D00B7BD09 /* NSString+Size.m in Sources */ = {isa = PBXBuildFile; fileRef = 2A1FFF512125640D00B7BD09 /* NSString+Size.m */; };
		2A1FFF652125658F00B7BD09 /* TGMineHeadView.xib in Resources */ = {isa = PBXBuildFile; fileRef = 2A1FFF642125658F00B7BD09 /* TGMineHeadView.xib */; };
		2A1FFF6B2125676100B7BD09 /* BaseTableViewController.m in Sources */ = {isa = PBXBuildFile; fileRef = 2A1FFF692125676000B7BD09 /* BaseTableViewController.m */; };
		2A1FFF6E2125687B00B7BD09 /* BaseNavigationController.m in Sources */ = {isa = PBXBuildFile; fileRef = 2A1FFF6C2125687B00B7BD09 /* BaseNavigationController.m */; };
		2A537AE12126A62F0018F5DF /* TGMWalletOrderView.m in Sources */ = {isa = PBXBuildFile; fileRef = 2A537AE02126A62F0018F5DF /* TGMWalletOrderView.m */; };
		2A537AE72126A69E0018F5DF /* TGMUpdateOrderView.m in Sources */ = {isa = PBXBuildFile; fileRef = 2A537AE62126A69E0018F5DF /* TGMUpdateOrderView.m */; };
		2A6BA311212A5C1400D4B624 /* TGMHelpOrderView.m in Sources */ = {isa = PBXBuildFile; fileRef = 2A6BA310212A5C1400D4B624 /* TGMHelpOrderView.m */; };
		2A6BA318212A978000D4B624 /* TGMineSettingController.m in Sources */ = {isa = PBXBuildFile; fileRef = 2A6BA317212A978000D4B624 /* TGMineSettingController.m */; };
		2A6BA31C212A9E8F00D4B624 /* TGMineSettingCell.m in Sources */ = {isa = PBXBuildFile; fileRef = 2A6BA31A212A9E8F00D4B624 /* TGMineSettingCell.m */; };
		2A6BA31D212A9E8F00D4B624 /* TGMineSettingCell.xib in Resources */ = {isa = PBXBuildFile; fileRef = 2A6BA31B212A9E8F00D4B624 /* TGMineSettingCell.xib */; };
		7B88AFE4709E3F5B0B5D88B9 /* libPods-Tcandy.a in Frameworks */ = {isa = PBXBuildFile; fileRef = E3E07777C9CD453442E000CD /* libPods-Tcandy.a */; };
		A875F59D21251BFE00C369C6 /* TGMainTabBarController.m in Sources */ = {isa = PBXBuildFile; fileRef = A875F59C21251BFE00C369C6 /* TGMainTabBarController.m */; };
		A875F5A021251C9200C369C6 /* TGBaseViewController.m in Sources */ = {isa = PBXBuildFile; fileRef = A875F59F21251C9200C369C6 /* TGBaseViewController.m */; };
		A875F5A321251CEA00C369C6 /* TGBaseModel.m in Sources */ = {isa = PBXBuildFile; fileRef = A875F5A221251CEA00C369C6 /* TGBaseModel.m */; };
		A875F5AC21251E5000C369C6 /* TGSaveData.m in Sources */ = {isa = PBXBuildFile; fileRef = A875F5AB21251E5000C369C6 /* TGSaveData.m */; };
/* End PBXBuildFile section */

/* Begin PBXFileReference section */
		042BA78E212B9E7500A7D18C /* TGScanCodeViewController.h */ = {isa = PBXFileReference; lastKnownFileType = sourcecode.c.h; path = TGScanCodeViewController.h; sourceTree = "<group>"; };
		042BA78F212B9E7500A7D18C /* TGScanCodeViewController.m */ = {isa = PBXFileReference; lastKnownFileType = sourcecode.c.objc; path = TGScanCodeViewController.m; sourceTree = "<group>"; };
		042BA793212BA4BC00A7D18C /* TGTodayScareBuyViewController.h */ = {isa = PBXFileReference; lastKnownFileType = sourcecode.c.h; path = TGTodayScareBuyViewController.h; sourceTree = "<group>"; };
		042BA794212BA4BC00A7D18C /* TGTodayScareBuyViewController.m */ = {isa = PBXFileReference; lastKnownFileType = sourcecode.c.objc; path = TGTodayScareBuyViewController.m; sourceTree = "<group>"; };
		042BA799212BADA200A7D18C /* NSString+SGPagingView.h */ = {isa = PBXFileReference; fileEncoding = 4; lastKnownFileType = sourcecode.c.h; path = "NSString+SGPagingView.h"; sourceTree = "<group>"; };
		042BA79A212BADA200A7D18C /* NSString+SGPagingView.m */ = {isa = PBXFileReference; fileEncoding = 4; lastKnownFileType = sourcecode.c.objc; path = "NSString+SGPagingView.m"; sourceTree = "<group>"; };
		042BA79B212BADA200A7D18C /* UIButton+SGPagingView.h */ = {isa = PBXFileReference; fileEncoding = 4; lastKnownFileType = sourcecode.c.h; path = "UIButton+SGPagingView.h"; sourceTree = "<group>"; };
		042BA79C212BADA200A7D18C /* UIButton+SGPagingView.m */ = {isa = PBXFileReference; fileEncoding = 4; lastKnownFileType = sourcecode.c.objc; path = "UIButton+SGPagingView.m"; sourceTree = "<group>"; };
		042BA79D212BADA200A7D18C /* UIView+SGPagingView.h */ = {isa = PBXFileReference; fileEncoding = 4; lastKnownFileType = sourcecode.c.h; path = "UIView+SGPagingView.h"; sourceTree = "<group>"; };
		042BA79E212BADA200A7D18C /* UIView+SGPagingView.m */ = {isa = PBXFileReference; fileEncoding = 4; lastKnownFileType = sourcecode.c.objc; path = "UIView+SGPagingView.m"; sourceTree = "<group>"; };
		042BA7A0212BADA200A7D18C /* SGPageContentCollectionView.h */ = {isa = PBXFileReference; fileEncoding = 4; lastKnownFileType = sourcecode.c.h; path = SGPageContentCollectionView.h; sourceTree = "<group>"; };
		042BA7A1212BADA200A7D18C /* SGPageContentCollectionView.m */ = {isa = PBXFileReference; fileEncoding = 4; lastKnownFileType = sourcecode.c.objc; path = SGPageContentCollectionView.m; sourceTree = "<group>"; };
		042BA7A2212BADA200A7D18C /* SGPageContentScrollView.h */ = {isa = PBXFileReference; fileEncoding = 4; lastKnownFileType = sourcecode.c.h; path = SGPageContentScrollView.h; sourceTree = "<group>"; };
		042BA7A3212BADA200A7D18C /* SGPageContentScrollView.m */ = {isa = PBXFileReference; fileEncoding = 4; lastKnownFileType = sourcecode.c.objc; path = SGPageContentScrollView.m; sourceTree = "<group>"; };
		042BA7A5212BADA200A7D18C /* SGPageTitleView.h */ = {isa = PBXFileReference; fileEncoding = 4; lastKnownFileType = sourcecode.c.h; path = SGPageTitleView.h; sourceTree = "<group>"; };
		042BA7A6212BADA200A7D18C /* SGPageTitleView.m */ = {isa = PBXFileReference; fileEncoding = 4; lastKnownFileType = sourcecode.c.objc; path = SGPageTitleView.m; sourceTree = "<group>"; };
		042BA7A7212BADA200A7D18C /* SGPageTitleViewConfigure.h */ = {isa = PBXFileReference; fileEncoding = 4; lastKnownFileType = sourcecode.c.h; path = SGPageTitleViewConfigure.h; sourceTree = "<group>"; };
		042BA7A8212BADA200A7D18C /* SGPageTitleViewConfigure.m */ = {isa = PBXFileReference; fileEncoding = 4; lastKnownFileType = sourcecode.c.objc; path = SGPageTitleViewConfigure.m; sourceTree = "<group>"; };
		042BA7A9212BADA200A7D18C /* SGPagingView.h */ = {isa = PBXFileReference; fileEncoding = 4; lastKnownFileType = sourcecode.c.h; path = SGPagingView.h; sourceTree = "<group>"; };
		042BA7B1212BB43400A7D18C /* TGTodayScareBuySubViewController.h */ = {isa = PBXFileReference; lastKnownFileType = sourcecode.c.h; path = TGTodayScareBuySubViewController.h; sourceTree = "<group>"; };
		042BA7B2212BB43400A7D18C /* TGTodayScareBuySubViewController.m */ = {isa = PBXFileReference; lastKnownFileType = sourcecode.c.objc; path = TGTodayScareBuySubViewController.m; sourceTree = "<group>"; };
		042BA7B6212BB5EC00A7D18C /* TGTodayScareBuySubCell.h */ = {isa = PBXFileReference; lastKnownFileType = sourcecode.c.h; path = TGTodayScareBuySubCell.h; sourceTree = "<group>"; };
		042BA7B7212BB5EC00A7D18C /* TGTodayScareBuySubCell.m */ = {isa = PBXFileReference; lastKnownFileType = sourcecode.c.objc; path = TGTodayScareBuySubCell.m; sourceTree = "<group>"; };
		042BA7B8212BB5EC00A7D18C /* TGTodayScareBuySubCell.xib */ = {isa = PBXFileReference; lastKnownFileType = file.xib; path = TGTodayScareBuySubCell.xib; sourceTree = "<group>"; };
		042BA7BE212BBA1E00A7D18C /* TGProgressView.h */ = {isa = PBXFileReference; lastKnownFileType = sourcecode.c.h; path = TGProgressView.h; sourceTree = "<group>"; };
		042BA7BF212BBA1E00A7D18C /* TGProgressView.m */ = {isa = PBXFileReference; lastKnownFileType = sourcecode.c.objc; path = TGProgressView.m; sourceTree = "<group>"; };
		042BA7C2212BC61000A7D18C /* TGPreferentialViewController.h */ = {isa = PBXFileReference; lastKnownFileType = sourcecode.c.h; path = TGPreferentialViewController.h; sourceTree = "<group>"; };
		042BA7C3212BC61000A7D18C /* TGPreferentialViewController.m */ = {isa = PBXFileReference; lastKnownFileType = sourcecode.c.objc; path = TGPreferentialViewController.m; sourceTree = "<group>"; };
		042BA7C9212BDCCE00A7D18C /* TGPreferentialSubViewController.h */ = {isa = PBXFileReference; lastKnownFileType = sourcecode.c.h; path = TGPreferentialSubViewController.h; sourceTree = "<group>"; };
		042BA7CA212BDCCE00A7D18C /* TGPreferentialSubViewController.m */ = {isa = PBXFileReference; lastKnownFileType = sourcecode.c.objc; path = TGPreferentialSubViewController.m; sourceTree = "<group>"; };
		042BA7CC212BDD6100A7D18C /* TGPreferentialSubViewController.xib */ = {isa = PBXFileReference; lastKnownFileType = file.xib; path = TGPreferentialSubViewController.xib; sourceTree = "<group>"; };
		042BA7CF212BDF3900A7D18C /* TGSortBarView.h */ = {isa = PBXFileReference; lastKnownFileType = sourcecode.c.h; path = TGSortBarView.h; sourceTree = "<group>"; };
		042BA7D0212BDF3900A7D18C /* TGSortBarView.m */ = {isa = PBXFileReference; lastKnownFileType = sourcecode.c.objc; path = TGSortBarView.m; sourceTree = "<group>"; };
		042BA7D3212C0B7500A7D18C /* TGSortBarModel.h */ = {isa = PBXFileReference; lastKnownFileType = sourcecode.c.h; path = TGSortBarModel.h; sourceTree = "<group>"; };
		042BA7D4212C0B7500A7D18C /* TGSortBarModel.m */ = {isa = PBXFileReference; lastKnownFileType = sourcecode.c.objc; path = TGSortBarModel.m; sourceTree = "<group>"; };
		042BA7D6212C17F900A7D18C /* TGSortSelectModel.h */ = {isa = PBXFileReference; lastKnownFileType = sourcecode.c.h; path = TGSortSelectModel.h; sourceTree = "<group>"; };
		042BA7D7212C17F900A7D18C /* TGSortSelectModel.m */ = {isa = PBXFileReference; lastKnownFileType = sourcecode.c.objc; path = TGSortSelectModel.m; sourceTree = "<group>"; };
		0464B0AA21257793008F1404 /* TGHomeController.h */ = {isa = PBXFileReference; lastKnownFileType = sourcecode.c.h; path = TGHomeController.h; sourceTree = "<group>"; };
		0464B0AB21257793008F1404 /* TGHomeController.m */ = {isa = PBXFileReference; lastKnownFileType = sourcecode.c.objc; path = TGHomeController.m; sourceTree = "<group>"; };
		0464B0B221257B80008F1404 /* TGHomeHeaderView.h */ = {isa = PBXFileReference; lastKnownFileType = sourcecode.c.h; path = TGHomeHeaderView.h; sourceTree = "<group>"; };
		0464B0B321257B80008F1404 /* TGHomeHeaderView.m */ = {isa = PBXFileReference; lastKnownFileType = sourcecode.c.objc; path = TGHomeHeaderView.m; sourceTree = "<group>"; };
		0464B0B521257B8B008F1404 /* TGHomeHeaderView.xib */ = {isa = PBXFileReference; lastKnownFileType = file.xib; path = TGHomeHeaderView.xib; sourceTree = "<group>"; };
		0464B0B921266B5C008F1404 /* CALayer+UIColor.h */ = {isa = PBXFileReference; lastKnownFileType = sourcecode.c.h; path = "CALayer+UIColor.h"; sourceTree = "<group>"; };
		0464B0BA21266B5C008F1404 /* CALayer+UIColor.m */ = {isa = PBXFileReference; lastKnownFileType = sourcecode.c.objc; path = "CALayer+UIColor.m"; sourceTree = "<group>"; };
		0468A6A02126AFA500191A04 /* TGConfigure.h */ = {isa = PBXFileReference; lastKnownFileType = sourcecode.c.h; path = TGConfigure.h; sourceTree = "<group>"; };
		0468A6A12126B16000191A04 /* TGHomeSectionHeaderView.h */ = {isa = PBXFileReference; lastKnownFileType = sourcecode.c.h; path = TGHomeSectionHeaderView.h; sourceTree = "<group>"; };
		0468A6A22126B16000191A04 /* TGHomeSectionHeaderView.m */ = {isa = PBXFileReference; lastKnownFileType = sourcecode.c.objc; path = TGHomeSectionHeaderView.m; sourceTree = "<group>"; };
		0468A6A42126BA0300191A04 /* TGHomeCell.h */ = {isa = PBXFileReference; lastKnownFileType = sourcecode.c.h; path = TGHomeCell.h; sourceTree = "<group>"; };
		0468A6A52126BA0300191A04 /* TGHomeCell.m */ = {isa = PBXFileReference; lastKnownFileType = sourcecode.c.objc; path = TGHomeCell.m; sourceTree = "<group>"; };
		0468A6A62126BA0300191A04 /* TGHomeCell.xib */ = {isa = PBXFileReference; lastKnownFileType = file.xib; path = TGHomeCell.xib; sourceTree = "<group>"; };
		0468A6AC2126C2CD00191A04 /* TGHomeSearchBarView.h */ = {isa = PBXFileReference; lastKnownFileType = sourcecode.c.h; path = TGHomeSearchBarView.h; sourceTree = "<group>"; };
		0468A6AD2126C2CD00191A04 /* TGHomeSearchBarView.m */ = {isa = PBXFileReference; lastKnownFileType = sourcecode.c.objc; path = TGHomeSearchBarView.m; sourceTree = "<group>"; };
		0468A6AF2126D25600191A04 /* TGHomeSelectShopKindsView.h */ = {isa = PBXFileReference; lastKnownFileType = sourcecode.c.h; path = TGHomeSelectShopKindsView.h; sourceTree = "<group>"; };
		0468A6B02126D25600191A04 /* TGHomeSelectShopKindsView.m */ = {isa = PBXFileReference; lastKnownFileType = sourcecode.c.objc; path = TGHomeSelectShopKindsView.m; sourceTree = "<group>"; };
		0489951E212A67A800F912F9 /* TGHomeSelectShopKindsCRView.h */ = {isa = PBXFileReference; lastKnownFileType = sourcecode.c.h; path = TGHomeSelectShopKindsCRView.h; sourceTree = "<group>"; };
		0489951F212A67A800F912F9 /* TGHomeSelectShopKindsCRView.m */ = {isa = PBXFileReference; lastKnownFileType = sourcecode.c.objc; path = TGHomeSelectShopKindsCRView.m; sourceTree = "<group>"; };
		04899520212A67A800F912F9 /* TGHomeSelectShopKindsCRView.xib */ = {isa = PBXFileReference; lastKnownFileType = file.xib; path = TGHomeSelectShopKindsCRView.xib; sourceTree = "<group>"; };
		04899532212AB94400F912F9 /* TGUrlsConfigure.h */ = {isa = PBXFileReference; fileEncoding = 4; lastKnownFileType = sourcecode.c.h; path = TGUrlsConfigure.h; sourceTree = "<group>"; };
		04899533212AB94400F912F9 /* TGNetwork.m */ = {isa = PBXFileReference; fileEncoding = 4; lastKnownFileType = sourcecode.c.objc; path = TGNetwork.m; sourceTree = "<group>"; };
		04899534212AB94400F912F9 /* NullSafe.m */ = {isa = PBXFileReference; fileEncoding = 4; lastKnownFileType = sourcecode.c.objc; path = NullSafe.m; sourceTree = "<group>"; };
		04899535212AB94400F912F9 /* TGNetwork.h */ = {isa = PBXFileReference; fileEncoding = 4; lastKnownFileType = sourcecode.c.h; path = TGNetwork.h; sourceTree = "<group>"; };
		0489953B212AB9AC00F912F9 /* TGBaseTableViewCell.h */ = {isa = PBXFileReference; fileEncoding = 4; lastKnownFileType = sourcecode.c.h; path = TGBaseTableViewCell.h; sourceTree = "<group>"; };
		0489953C212AB9AC00F912F9 /* TGBaseTableViewCell.m */ = {isa = PBXFileReference; fileEncoding = 4; lastKnownFileType = sourcecode.c.objc; path = TGBaseTableViewCell.m; sourceTree = "<group>"; };
		04F63FD9212CF5C8003A4C81 /* TGBaseCollectionCell.h */ = {isa = PBXFileReference; lastKnownFileType = sourcecode.c.h; path = TGBaseCollectionCell.h; sourceTree = "<group>"; };
		04F63FDA212CF5C8003A4C81 /* TGBaseCollectionCell.m */ = {isa = PBXFileReference; lastKnownFileType = sourcecode.c.objc; path = TGBaseCollectionCell.m; sourceTree = "<group>"; };
		04F63FDC212CF601003A4C81 /* TGPreferentialSubCell.h */ = {isa = PBXFileReference; lastKnownFileType = sourcecode.c.h; path = TGPreferentialSubCell.h; sourceTree = "<group>"; };
		04F63FDD212CF601003A4C81 /* TGPreferentialSubCell.m */ = {isa = PBXFileReference; lastKnownFileType = sourcecode.c.objc; path = TGPreferentialSubCell.m; sourceTree = "<group>"; };
		04F63FDE212CF601003A4C81 /* TGPreferentialSubCell.xib */ = {isa = PBXFileReference; lastKnownFileType = file.xib; path = TGPreferentialSubCell.xib; sourceTree = "<group>"; };
		04F63FE3212D06E6003A4C81 /* TGHotSearchViewController.h */ = {isa = PBXFileReference; lastKnownFileType = sourcecode.c.h; path = TGHotSearchViewController.h; sourceTree = "<group>"; };
		04F63FE4212D06E6003A4C81 /* TGHotSearchViewController.m */ = {isa = PBXFileReference; lastKnownFileType = sourcecode.c.objc; path = TGHotSearchViewController.m; sourceTree = "<group>"; };
		04F63FE7212D0720003A4C81 /* TGHotSearchCell.h */ = {isa = PBXFileReference; lastKnownFileType = sourcecode.c.h; path = TGHotSearchCell.h; sourceTree = "<group>"; };
		04F63FE8212D0720003A4C81 /* TGHotSearchCell.m */ = {isa = PBXFileReference; lastKnownFileType = sourcecode.c.objc; path = TGHotSearchCell.m; sourceTree = "<group>"; };
		04F63FE9212D0720003A4C81 /* TGHotSearchCell.xib */ = {isa = PBXFileReference; lastKnownFileType = file.xib; path = TGHotSearchCell.xib; sourceTree = "<group>"; };
		2A1FFF0321250D5500B7BD09 /* Tcandy.app */ = {isa = PBXFileReference; explicitFileType = wrapper.application; includeInIndex = 0; path = Tcandy.app; sourceTree = BUILT_PRODUCTS_DIR; };
		2A1FFF0621250D5500B7BD09 /* AppDelegate.h */ = {isa = PBXFileReference; lastKnownFileType = sourcecode.c.h; path = AppDelegate.h; sourceTree = "<group>"; };
		2A1FFF0721250D5500B7BD09 /* AppDelegate.m */ = {isa = PBXFileReference; lastKnownFileType = sourcecode.c.objc; path = AppDelegate.m; sourceTree = "<group>"; };
		2A1FFF0921250D5500B7BD09 /* ViewController.h */ = {isa = PBXFileReference; lastKnownFileType = sourcecode.c.h; path = ViewController.h; sourceTree = "<group>"; };
		2A1FFF0A21250D5500B7BD09 /* ViewController.m */ = {isa = PBXFileReference; lastKnownFileType = sourcecode.c.objc; path = ViewController.m; sourceTree = "<group>"; };
		2A1FFF0D21250D5500B7BD09 /* Base */ = {isa = PBXFileReference; lastKnownFileType = file.storyboard; name = Base; path = Base.lproj/Main.storyboard; sourceTree = "<group>"; };
		2A1FFF0F21250D5600B7BD09 /* Assets.xcassets */ = {isa = PBXFileReference; lastKnownFileType = folder.assetcatalog; path = Assets.xcassets; sourceTree = "<group>"; };
		2A1FFF1221250D5600B7BD09 /* Base */ = {isa = PBXFileReference; lastKnownFileType = file.storyboard; name = Base; path = Base.lproj/LaunchScreen.storyboard; sourceTree = "<group>"; };
		2A1FFF1421250D5600B7BD09 /* Info.plist */ = {isa = PBXFileReference; lastKnownFileType = text.plist.xml; path = Info.plist; sourceTree = "<group>"; };
		2A1FFF1521250D5700B7BD09 /* main.m */ = {isa = PBXFileReference; lastKnownFileType = sourcecode.c.objc; path = main.m; sourceTree = "<group>"; };
		2A1FFF22212510B800B7BD09 /* PrefixHeader.pch */ = {isa = PBXFileReference; lastKnownFileType = sourcecode.c.h; path = PrefixHeader.pch; sourceTree = "<group>"; };
		2A1FFF25212511CA00B7BD09 /* Macros.h */ = {isa = PBXFileReference; lastKnownFileType = sourcecode.c.h; path = Macros.h; sourceTree = "<group>"; };
		2A1FFF272125188000B7BD09 /* Public.xcassets */ = {isa = PBXFileReference; lastKnownFileType = folder.assetcatalog; path = Public.xcassets; sourceTree = "<group>"; };
		2A1FFF2D2125279600B7BD09 /* TGMineController.h */ = {isa = PBXFileReference; lastKnownFileType = sourcecode.c.h; path = TGMineController.h; sourceTree = "<group>"; };
		2A1FFF2E2125279600B7BD09 /* TGMineController.m */ = {isa = PBXFileReference; lastKnownFileType = sourcecode.c.objc; path = TGMineController.m; sourceTree = "<group>"; };
		2A1FFF312125638500B7BD09 /* TGMineHeadView.h */ = {isa = PBXFileReference; lastKnownFileType = sourcecode.c.h; path = TGMineHeadView.h; sourceTree = "<group>"; };
		2A1FFF322125638500B7BD09 /* TGMineHeadView.m */ = {isa = PBXFileReference; lastKnownFileType = sourcecode.c.objc; path = TGMineHeadView.m; sourceTree = "<group>"; };
		2A1FFF382125640D00B7BD09 /* UIImage+Color.h */ = {isa = PBXFileReference; fileEncoding = 4; lastKnownFileType = sourcecode.c.h; path = "UIImage+Color.h"; sourceTree = "<group>"; };
		2A1FFF392125640D00B7BD09 /* UIImage+Extensions.h */ = {isa = PBXFileReference; fileEncoding = 4; lastKnownFileType = sourcecode.c.h; path = "UIImage+Extensions.h"; sourceTree = "<group>"; };
		2A1FFF3A2125640D00B7BD09 /* UIImage+Color.m */ = {isa = PBXFileReference; fileEncoding = 4; lastKnownFileType = sourcecode.c.objc; path = "UIImage+Color.m"; sourceTree = "<group>"; };
		2A1FFF3B2125640D00B7BD09 /* UIImage+Extensions.m */ = {isa = PBXFileReference; fileEncoding = 4; lastKnownFileType = sourcecode.c.objc; path = "UIImage+Extensions.m"; sourceTree = "<group>"; };
		2A1FFF3F2125640D00B7BD09 /* UIView+LoadXIBView.m */ = {isa = PBXFileReference; fileEncoding = 4; lastKnownFileType = sourcecode.c.objc; path = "UIView+LoadXIBView.m"; sourceTree = "<group>"; };
		2A1FFF432125640D00B7BD09 /* UIView+LoadXIBView.h */ = {isa = PBXFileReference; fileEncoding = 4; lastKnownFileType = sourcecode.c.h; path = "UIView+LoadXIBView.h"; sourceTree = "<group>"; };
		2A1FFF452125640D00B7BD09 /* UITextView+Placeholder.m */ = {isa = PBXFileReference; fileEncoding = 4; lastKnownFileType = sourcecode.c.objc; path = "UITextView+Placeholder.m"; sourceTree = "<group>"; };
		2A1FFF462125640D00B7BD09 /* UITextView+Placeholder.h */ = {isa = PBXFileReference; fileEncoding = 4; lastKnownFileType = sourcecode.c.h; path = "UITextView+Placeholder.h"; sourceTree = "<group>"; };
		2A1FFF482125640D00B7BD09 /* UIBarButtonItem+CT.m */ = {isa = PBXFileReference; fileEncoding = 4; lastKnownFileType = sourcecode.c.objc; path = "UIBarButtonItem+CT.m"; sourceTree = "<group>"; };
		2A1FFF492125640D00B7BD09 /* UIBarButtonItem+CT.h */ = {isa = PBXFileReference; fileEncoding = 4; lastKnownFileType = sourcecode.c.h; path = "UIBarButtonItem+CT.h"; sourceTree = "<group>"; };
		2A1FFF4C2125640D00B7BD09 /* NSString+RegexCategory.m */ = {isa = PBXFileReference; fileEncoding = 4; lastKnownFileType = sourcecode.c.objc; path = "NSString+RegexCategory.m"; sourceTree = "<group>"; };
		2A1FFF4E2125640D00B7BD09 /* NSString+Size.h */ = {isa = PBXFileReference; fileEncoding = 4; lastKnownFileType = sourcecode.c.h; path = "NSString+Size.h"; sourceTree = "<group>"; };
		2A1FFF502125640D00B7BD09 /* NSString+RegexCategory.h */ = {isa = PBXFileReference; fileEncoding = 4; lastKnownFileType = sourcecode.c.h; path = "NSString+RegexCategory.h"; sourceTree = "<group>"; };
		2A1FFF512125640D00B7BD09 /* NSString+Size.m */ = {isa = PBXFileReference; fileEncoding = 4; lastKnownFileType = sourcecode.c.objc; path = "NSString+Size.m"; sourceTree = "<group>"; };
		2A1FFF642125658F00B7BD09 /* TGMineHeadView.xib */ = {isa = PBXFileReference; lastKnownFileType = file.xib; path = TGMineHeadView.xib; sourceTree = "<group>"; };
		2A1FFF692125676000B7BD09 /* BaseTableViewController.m */ = {isa = PBXFileReference; fileEncoding = 4; lastKnownFileType = sourcecode.c.objc; path = BaseTableViewController.m; sourceTree = "<group>"; };
		2A1FFF6A2125676100B7BD09 /* BaseTableViewController.h */ = {isa = PBXFileReference; fileEncoding = 4; lastKnownFileType = sourcecode.c.h; path = BaseTableViewController.h; sourceTree = "<group>"; };
		2A1FFF6C2125687B00B7BD09 /* BaseNavigationController.m */ = {isa = PBXFileReference; fileEncoding = 4; lastKnownFileType = sourcecode.c.objc; path = BaseNavigationController.m; sourceTree = "<group>"; };
		2A1FFF6D2125687B00B7BD09 /* BaseNavigationController.h */ = {isa = PBXFileReference; fileEncoding = 4; lastKnownFileType = sourcecode.c.h; path = BaseNavigationController.h; sourceTree = "<group>"; };
		2A537ADC212677680018F5DF /* TGMineInvitationView.h */ = {isa = PBXFileReference; lastKnownFileType = sourcecode.c.h; path = TGMineInvitationView.h; sourceTree = "<group>"; };
		2A537ADD212677680018F5DF /* TGMineInvitationView.m */ = {isa = PBXFileReference; lastKnownFileType = sourcecode.c.objc; path = TGMineInvitationView.m; sourceTree = "<group>"; };
		2A537ADF2126A62F0018F5DF /* TGMWalletOrderView.h */ = {isa = PBXFileReference; lastKnownFileType = sourcecode.c.h; path = TGMWalletOrderView.h; sourceTree = "<group>"; };
		2A537AE02126A62F0018F5DF /* TGMWalletOrderView.m */ = {isa = PBXFileReference; lastKnownFileType = sourcecode.c.objc; path = TGMWalletOrderView.m; sourceTree = "<group>"; };
		2A537AE22126A6640018F5DF /* TGMOrdeListView.h */ = {isa = PBXFileReference; lastKnownFileType = sourcecode.c.h; path = TGMOrdeListView.h; sourceTree = "<group>"; };
		2A537AE32126A6640018F5DF /* TGMOrdeListView.m */ = {isa = PBXFileReference; lastKnownFileType = sourcecode.c.objc; path = TGMOrdeListView.m; sourceTree = "<group>"; };
		2A537AE52126A69E0018F5DF /* TGMUpdateOrderView.h */ = {isa = PBXFileReference; lastKnownFileType = sourcecode.c.h; path = TGMUpdateOrderView.h; sourceTree = "<group>"; };
		2A537AE62126A69E0018F5DF /* TGMUpdateOrderView.m */ = {isa = PBXFileReference; lastKnownFileType = sourcecode.c.objc; path = TGMUpdateOrderView.m; sourceTree = "<group>"; };
		2A6BA30F212A5C1400D4B624 /* TGMHelpOrderView.h */ = {isa = PBXFileReference; lastKnownFileType = sourcecode.c.h; path = TGMHelpOrderView.h; sourceTree = "<group>"; };
		2A6BA310212A5C1400D4B624 /* TGMHelpOrderView.m */ = {isa = PBXFileReference; lastKnownFileType = sourcecode.c.objc; path = TGMHelpOrderView.m; sourceTree = "<group>"; };
		2A6BA316212A978000D4B624 /* TGMineSettingController.h */ = {isa = PBXFileReference; lastKnownFileType = sourcecode.c.h; path = TGMineSettingController.h; sourceTree = "<group>"; };
		2A6BA317212A978000D4B624 /* TGMineSettingController.m */ = {isa = PBXFileReference; lastKnownFileType = sourcecode.c.objc; path = TGMineSettingController.m; sourceTree = "<group>"; };
		2A6BA319212A9E8F00D4B624 /* TGMineSettingCell.h */ = {isa = PBXFileReference; lastKnownFileType = sourcecode.c.h; path = TGMineSettingCell.h; sourceTree = "<group>"; };
		2A6BA31A212A9E8F00D4B624 /* TGMineSettingCell.m */ = {isa = PBXFileReference; lastKnownFileType = sourcecode.c.objc; path = TGMineSettingCell.m; sourceTree = "<group>"; };
		2A6BA31B212A9E8F00D4B624 /* TGMineSettingCell.xib */ = {isa = PBXFileReference; lastKnownFileType = file.xib; path = TGMineSettingCell.xib; sourceTree = "<group>"; };
		2A6BA320212AB17F00D4B624 /* TGMinePersonalController.h */ = {isa = PBXFileReference; lastKnownFileType = sourcecode.c.h; path = TGMinePersonalController.h; sourceTree = "<group>"; };
		2A6BA321212AB17F00D4B624 /* TGMinePersonalController.m */ = {isa = PBXFileReference; lastKnownFileType = sourcecode.c.objc; path = TGMinePersonalController.m; sourceTree = "<group>"; };
		76B80733BB5DD0F53FDA9F99 /* Pods-Tcandy.release.xcconfig */ = {isa = PBXFileReference; includeInIndex = 1; lastKnownFileType = text.xcconfig; name = "Pods-Tcandy.release.xcconfig"; path = "Pods/Target Support Files/Pods-Tcandy/Pods-Tcandy.release.xcconfig"; sourceTree = "<group>"; };
		9218FE5A3540890EBDB03EA9 /* Pods-Tcandy.debug.xcconfig */ = {isa = PBXFileReference; includeInIndex = 1; lastKnownFileType = text.xcconfig; name = "Pods-Tcandy.debug.xcconfig"; path = "Pods/Target Support Files/Pods-Tcandy/Pods-Tcandy.debug.xcconfig"; sourceTree = "<group>"; };
		A875F59B21251BFE00C369C6 /* TGMainTabBarController.h */ = {isa = PBXFileReference; lastKnownFileType = sourcecode.c.h; path = TGMainTabBarController.h; sourceTree = "<group>"; };
		A875F59C21251BFE00C369C6 /* TGMainTabBarController.m */ = {isa = PBXFileReference; lastKnownFileType = sourcecode.c.objc; path = TGMainTabBarController.m; sourceTree = "<group>"; };
		A875F59E21251C9200C369C6 /* TGBaseViewController.h */ = {isa = PBXFileReference; lastKnownFileType = sourcecode.c.h; path = TGBaseViewController.h; sourceTree = "<group>"; };
		A875F59F21251C9200C369C6 /* TGBaseViewController.m */ = {isa = PBXFileReference; lastKnownFileType = sourcecode.c.objc; path = TGBaseViewController.m; sourceTree = "<group>"; };
		A875F5A121251CEA00C369C6 /* TGBaseModel.h */ = {isa = PBXFileReference; lastKnownFileType = sourcecode.c.h; path = TGBaseModel.h; sourceTree = "<group>"; };
		A875F5A221251CEA00C369C6 /* TGBaseModel.m */ = {isa = PBXFileReference; lastKnownFileType = sourcecode.c.objc; path = TGBaseModel.m; sourceTree = "<group>"; };
		A875F5AA21251E5000C369C6 /* TGSaveData.h */ = {isa = PBXFileReference; lastKnownFileType = sourcecode.c.h; path = TGSaveData.h; sourceTree = "<group>"; };
		A875F5AB21251E5000C369C6 /* TGSaveData.m */ = {isa = PBXFileReference; lastKnownFileType = sourcecode.c.objc; path = TGSaveData.m; sourceTree = "<group>"; };
		E3E07777C9CD453442E000CD /* libPods-Tcandy.a */ = {isa = PBXFileReference; explicitFileType = archive.ar; includeInIndex = 0; path = "libPods-Tcandy.a"; sourceTree = BUILT_PRODUCTS_DIR; };
/* End PBXFileReference section */

/* Begin PBXFrameworksBuildPhase section */
		2A1FFF0021250D5500B7BD09 /* Frameworks */ = {
			isa = PBXFrameworksBuildPhase;
			buildActionMask = 2147483647;
			files = (
				7B88AFE4709E3F5B0B5D88B9 /* libPods-Tcandy.a in Frameworks */,
			);
			runOnlyForDeploymentPostprocessing = 0;
		};
/* End PBXFrameworksBuildPhase section */

/* Begin PBXGroup section */
		042BA78C212B9DD000A7D18C /* Home */ = {
			isa = PBXGroup;
			children = (
				0464B0A921257719008F1404 /* Model */,
				0464B0A821257705008F1404 /* View */,
				0464B0A7212576EF008F1404 /* Controller */,
			);
			path = Home;
			sourceTree = "<group>";
		};
		042BA78D212B9DF600A7D18C /* ScanCode */ = {
			isa = PBXGroup;
			children = (
				042BA78E212B9E7500A7D18C /* TGScanCodeViewController.h */,
				042BA78F212B9E7500A7D18C /* TGScanCodeViewController.m */,
			);
			path = ScanCode;
			sourceTree = "<group>";
		};
		042BA792212BA0C900A7D18C /* Today */ = {
			isa = PBXGroup;
			children = (
				042BA7B5212BB47500A7D18C /* View */,
				042BA7B4212BB46600A7D18C /* Controller */,
			);
			path = Today;
			sourceTree = "<group>";
		};
		042BA796212BAD6B00A7D18C /* ThirdParty */ = {
			isa = PBXGroup;
			children = (
				042BA797212BADA200A7D18C /* SGPagingView */,
			);
			path = ThirdParty;
			sourceTree = "<group>";
		};
		042BA797212BADA200A7D18C /* SGPagingView */ = {
			isa = PBXGroup;
			children = (
				042BA798212BADA200A7D18C /* Category */,
				042BA79F212BADA200A7D18C /* SGPageContent */,
				042BA7A4212BADA200A7D18C /* SGPageTitle */,
				042BA7A9212BADA200A7D18C /* SGPagingView.h */,
			);
			path = SGPagingView;
			sourceTree = "<group>";
		};
		042BA798212BADA200A7D18C /* Category */ = {
			isa = PBXGroup;
			children = (
				042BA799212BADA200A7D18C /* NSString+SGPagingView.h */,
				042BA79A212BADA200A7D18C /* NSString+SGPagingView.m */,
				042BA79B212BADA200A7D18C /* UIButton+SGPagingView.h */,
				042BA79C212BADA200A7D18C /* UIButton+SGPagingView.m */,
				042BA79D212BADA200A7D18C /* UIView+SGPagingView.h */,
				042BA79E212BADA200A7D18C /* UIView+SGPagingView.m */,
			);
			path = Category;
			sourceTree = "<group>";
		};
		042BA79F212BADA200A7D18C /* SGPageContent */ = {
			isa = PBXGroup;
			children = (
				042BA7A0212BADA200A7D18C /* SGPageContentCollectionView.h */,
				042BA7A1212BADA200A7D18C /* SGPageContentCollectionView.m */,
				042BA7A2212BADA200A7D18C /* SGPageContentScrollView.h */,
				042BA7A3212BADA200A7D18C /* SGPageContentScrollView.m */,
			);
			path = SGPageContent;
			sourceTree = "<group>";
		};
		042BA7A4212BADA200A7D18C /* SGPageTitle */ = {
			isa = PBXGroup;
			children = (
				042BA7A5212BADA200A7D18C /* SGPageTitleView.h */,
				042BA7A6212BADA200A7D18C /* SGPageTitleView.m */,
				042BA7A7212BADA200A7D18C /* SGPageTitleViewConfigure.h */,
				042BA7A8212BADA200A7D18C /* SGPageTitleViewConfigure.m */,
			);
			path = SGPageTitle;
			sourceTree = "<group>";
		};
		042BA7B4212BB46600A7D18C /* Controller */ = {
			isa = PBXGroup;
			children = (
				042BA793212BA4BC00A7D18C /* TGTodayScareBuyViewController.h */,
				042BA794212BA4BC00A7D18C /* TGTodayScareBuyViewController.m */,
				042BA7B1212BB43400A7D18C /* TGTodayScareBuySubViewController.h */,
				042BA7B2212BB43400A7D18C /* TGTodayScareBuySubViewController.m */,
			);
			path = Controller;
			sourceTree = "<group>";
		};
		042BA7B5212BB47500A7D18C /* View */ = {
			isa = PBXGroup;
			children = (
				042BA7B6212BB5EC00A7D18C /* TGTodayScareBuySubCell.h */,
				042BA7B7212BB5EC00A7D18C /* TGTodayScareBuySubCell.m */,
				042BA7B8212BB5EC00A7D18C /* TGTodayScareBuySubCell.xib */,
				042BA7BE212BBA1E00A7D18C /* TGProgressView.h */,
				042BA7BF212BBA1E00A7D18C /* TGProgressView.m */,
			);
			path = View;
			sourceTree = "<group>";
		};
		042BA7C1212BC53D00A7D18C /* Preferential */ = {
			isa = PBXGroup;
			children = (
				042BA7C6212BDB7C00A7D18C /* View */,
				042BA7C5212BDB6200A7D18C /* Controller */,
			);
			path = Preferential;
			sourceTree = "<group>";
		};
		042BA7C5212BDB6200A7D18C /* Controller */ = {
			isa = PBXGroup;
			children = (
				042BA7C2212BC61000A7D18C /* TGPreferentialViewController.h */,
				042BA7C3212BC61000A7D18C /* TGPreferentialViewController.m */,
				042BA7C9212BDCCE00A7D18C /* TGPreferentialSubViewController.h */,
				042BA7CA212BDCCE00A7D18C /* TGPreferentialSubViewController.m */,
				042BA7CC212BDD6100A7D18C /* TGPreferentialSubViewController.xib */,
			);
			path = Controller;
			sourceTree = "<group>";
		};
		042BA7C6212BDB7C00A7D18C /* View */ = {
			isa = PBXGroup;
			children = (
				04F63FDC212CF601003A4C81 /* TGPreferentialSubCell.h */,
				04F63FDD212CF601003A4C81 /* TGPreferentialSubCell.m */,
				04F63FDE212CF601003A4C81 /* TGPreferentialSubCell.xib */,
			);
			path = View;
			sourceTree = "<group>";
		};
		042BA7CE212BDEE500A7D18C /* Common */ = {
			isa = PBXGroup;
			children = (
				042BA7D2212C0B4400A7D18C /* SortBarView */,
			);
			path = Common;
			sourceTree = "<group>";
		};
		042BA7D2212C0B4400A7D18C /* SortBarView */ = {
			isa = PBXGroup;
			children = (
				042BA7CF212BDF3900A7D18C /* TGSortBarView.h */,
				042BA7D0212BDF3900A7D18C /* TGSortBarView.m */,
				042BA7D3212C0B7500A7D18C /* TGSortBarModel.h */,
				042BA7D4212C0B7500A7D18C /* TGSortBarModel.m */,
				042BA7D6212C17F900A7D18C /* TGSortSelectModel.h */,
				042BA7D7212C17F900A7D18C /* TGSortSelectModel.m */,
			);
			path = SortBarView;
			sourceTree = "<group>";
		};
		0464B0A7212576EF008F1404 /* Controller */ = {
			isa = PBXGroup;
			children = (
				0464B0AA21257793008F1404 /* TGHomeController.h */,
				0464B0AB21257793008F1404 /* TGHomeController.m */,
			);
			path = Controller;
			sourceTree = "<group>";
		};
		0464B0A821257705008F1404 /* View */ = {
			isa = PBXGroup;
			children = (
				0464B0B221257B80008F1404 /* TGHomeHeaderView.h */,
				0464B0B321257B80008F1404 /* TGHomeHeaderView.m */,
				0464B0B521257B8B008F1404 /* TGHomeHeaderView.xib */,
				0468A6A12126B16000191A04 /* TGHomeSectionHeaderView.h */,
				0468A6A22126B16000191A04 /* TGHomeSectionHeaderView.m */,
				0468A6A42126BA0300191A04 /* TGHomeCell.h */,
				0468A6A52126BA0300191A04 /* TGHomeCell.m */,
				0468A6A62126BA0300191A04 /* TGHomeCell.xib */,
				0468A6AC2126C2CD00191A04 /* TGHomeSearchBarView.h */,
				0468A6AD2126C2CD00191A04 /* TGHomeSearchBarView.m */,
				0468A6AF2126D25600191A04 /* TGHomeSelectShopKindsView.h */,
				0468A6B02126D25600191A04 /* TGHomeSelectShopKindsView.m */,
				0489951E212A67A800F912F9 /* TGHomeSelectShopKindsCRView.h */,
				0489951F212A67A800F912F9 /* TGHomeSelectShopKindsCRView.m */,
				04899520212A67A800F912F9 /* TGHomeSelectShopKindsCRView.xib */,
			);
			path = View;
			sourceTree = "<group>";
		};
		0464B0A921257719008F1404 /* Model */ = {
			isa = PBXGroup;
			children = (
			);
			path = Model;
			sourceTree = "<group>";
		};
		0464B0B821266B14008F1404 /* CALayer */ = {
			isa = PBXGroup;
			children = (
				0464B0B921266B5C008F1404 /* CALayer+UIColor.h */,
				0464B0BA21266B5C008F1404 /* CALayer+UIColor.m */,
			);
			path = CALayer;
			sourceTree = "<group>";
		};
		0489952B212AB8E200F912F9 /* Network */ = {
			isa = PBXGroup;
			children = (
				04899534212AB94400F912F9 /* NullSafe.m */,
				04899535212AB94400F912F9 /* TGNetwork.h */,
				04899533212AB94400F912F9 /* TGNetwork.m */,
				04899532212AB94400F912F9 /* TGUrlsConfigure.h */,
			);
			path = Network;
			sourceTree = "<group>";
		};
		0489953A212AB9AC00F912F9 /* View */ = {
			isa = PBXGroup;
			children = (
				0489953B212AB9AC00F912F9 /* TGBaseTableViewCell.h */,
				0489953C212AB9AC00F912F9 /* TGBaseTableViewCell.m */,
				04F63FD9212CF5C8003A4C81 /* TGBaseCollectionCell.h */,
				04F63FDA212CF5C8003A4C81 /* TGBaseCollectionCell.m */,
			);
			path = View;
			sourceTree = "<group>";
		};
		04F63FE1212D06AA003A4C81 /* Hot */ = {
			isa = PBXGroup;
			children = (
				04F63FE6212D0704003A4C81 /* View */,
				04F63FE2212D06B8003A4C81 /* Controller */,
			);
			path = Hot;
			sourceTree = "<group>";
		};
		04F63FE2212D06B8003A4C81 /* Controller */ = {
			isa = PBXGroup;
			children = (
				04F63FE3212D06E6003A4C81 /* TGHotSearchViewController.h */,
				04F63FE4212D06E6003A4C81 /* TGHotSearchViewController.m */,
			);
			path = Controller;
			sourceTree = "<group>";
		};
		04F63FE6212D0704003A4C81 /* View */ = {
			isa = PBXGroup;
			children = (
				04F63FE7212D0720003A4C81 /* TGHotSearchCell.h */,
				04F63FE8212D0720003A4C81 /* TGHotSearchCell.m */,
				04F63FE9212D0720003A4C81 /* TGHotSearchCell.xib */,
			);
			path = View;
			sourceTree = "<group>";
		};
		2A1FFEFA21250D5500B7BD09 = {
			isa = PBXGroup;
			children = (
				2A1FFF0521250D5500B7BD09 /* Tcandy */,
				2A1FFF0421250D5500B7BD09 /* Products */,
				6040C6749CD8BB913A2D1263 /* Pods */,
				DBDA6D77D21C0C400BD14413 /* Frameworks */,
			);
			sourceTree = "<group>";
		};
		2A1FFF0421250D5500B7BD09 /* Products */ = {
			isa = PBXGroup;
			children = (
				2A1FFF0321250D5500B7BD09 /* Tcandy.app */,
			);
			name = Products;
			sourceTree = "<group>";
		};
		2A1FFF0521250D5500B7BD09 /* Tcandy */ = {
			isa = PBXGroup;
			children = (
				2A1FFF1C21250F1400B7BD09 /* Classes */,
			);
			path = Tcandy;
			sourceTree = "<group>";
		};
		2A1FFF1C21250F1400B7BD09 /* Classes */ = {
			isa = PBXGroup;
			children = (
				042BA796212BAD6B00A7D18C /* ThirdParty */,
				A875F59A21251B2A00C369C6 /* Home */,
				2A1FFF23212510CA00B7BD09 /* Source(资源) */,
				2A1FFF1F2125102900B7BD09 /* Public */,
				2A1FFF1D21250F2300B7BD09 /* Main */,
				2A1FFF29212526E500B7BD09 /* Mine */,
				2A1FFF342125640D00B7BD09 /* Expand(扩展) */,
				2A1FFF1E21250F2B00B7BD09 /* Other */,
			);
			path = Classes;
			sourceTree = "<group>";
		};
		2A1FFF1D21250F2300B7BD09 /* Main */ = {
			isa = PBXGroup;
			children = (
				A875F59B21251BFE00C369C6 /* TGMainTabBarController.h */,
				A875F59C21251BFE00C369C6 /* TGMainTabBarController.m */,
			);
			path = Main;
			sourceTree = "<group>";
		};
		2A1FFF1E21250F2B00B7BD09 /* Other */ = {
			isa = PBXGroup;
			children = (
				2A1FFF0621250D5500B7BD09 /* AppDelegate.h */,
				2A1FFF0721250D5500B7BD09 /* AppDelegate.m */,
				2A1FFF0921250D5500B7BD09 /* ViewController.h */,
				2A1FFF0A21250D5500B7BD09 /* ViewController.m */,
				2A1FFF0C21250D5500B7BD09 /* Main.storyboard */,
				2A1FFF0F21250D5600B7BD09 /* Assets.xcassets */,
				2A1FFF1121250D5600B7BD09 /* LaunchScreen.storyboard */,
				2A1FFF1421250D5600B7BD09 /* Info.plist */,
				2A1FFF1521250D5700B7BD09 /* main.m */,
				2A1FFF22212510B800B7BD09 /* PrefixHeader.pch */,
			);
			path = Other;
			sourceTree = "<group>";
		};
		2A1FFF1F2125102900B7BD09 /* Public */ = {
			isa = PBXGroup;
			children = (
				042BA7CE212BDEE500A7D18C /* Common */,
				0489952B212AB8E200F912F9 /* Network */,
				A875F5A621251D9900C369C6 /* Save */,
				A875F5A421251D7000C369C6 /* Base */,
				2A1FFF212125105B00B7BD09 /* Const(常量) */,
				2A1FFF202125105000B7BD09 /* Macros(宏) */,
			);
			path = Public;
			sourceTree = "<group>";
		};
		2A1FFF202125105000B7BD09 /* Macros(宏) */ = {
			isa = PBXGroup;
			children = (
				2A1FFF25212511CA00B7BD09 /* Macros.h */,
			);
			path = "Macros(宏)";
			sourceTree = "<group>";
		};
		2A1FFF212125105B00B7BD09 /* Const(常量) */ = {
			isa = PBXGroup;
			children = (
			);
			path = "Const(常量)";
			sourceTree = "<group>";
		};
		2A1FFF23212510CA00B7BD09 /* Source(资源) */ = {
			isa = PBXGroup;
			children = (
				2A1FFF262125186300B7BD09 /* Imgs */,
			);
			path = "Source(资源)";
			sourceTree = "<group>";
		};
		2A1FFF262125186300B7BD09 /* Imgs */ = {
			isa = PBXGroup;
			children = (
				2A1FFF272125188000B7BD09 /* Public.xcassets */,
			);
			path = Imgs;
			sourceTree = "<group>";
		};
		2A1FFF29212526E500B7BD09 /* Mine */ = {
			isa = PBXGroup;
			children = (
				2A6BA313212A95AB00D4B624 /* Personal */,
				2A6BA312212A95A200D4B624 /* Setting */,
				2A1FFF2B2125275800B7BD09 /* Main */,
			);
			path = Mine;
			sourceTree = "<group>";
		};
		2A1FFF2B2125275800B7BD09 /* Main */ = {
			isa = PBXGroup;
			children = (
				2A1FFF302125550B00B7BD09 /* View */,
				2A1FFF2C2125276600B7BD09 /* Controller */,
			);
			path = Main;
			sourceTree = "<group>";
		};
		2A1FFF2C2125276600B7BD09 /* Controller */ = {
			isa = PBXGroup;
			children = (
				2A1FFF2D2125279600B7BD09 /* TGMineController.h */,
				2A1FFF2E2125279600B7BD09 /* TGMineController.m */,
			);
			path = Controller;
			sourceTree = "<group>";
		};
		2A1FFF302125550B00B7BD09 /* View */ = {
			isa = PBXGroup;
			children = (
				2A1FFF312125638500B7BD09 /* TGMineHeadView.h */,
				2A1FFF322125638500B7BD09 /* TGMineHeadView.m */,
				2A1FFF642125658F00B7BD09 /* TGMineHeadView.xib */,
				2A537ADC212677680018F5DF /* TGMineInvitationView.h */,
				2A537ADD212677680018F5DF /* TGMineInvitationView.m */,
				2A537ADF2126A62F0018F5DF /* TGMWalletOrderView.h */,
				2A537AE02126A62F0018F5DF /* TGMWalletOrderView.m */,
				2A537AE22126A6640018F5DF /* TGMOrdeListView.h */,
				2A537AE32126A6640018F5DF /* TGMOrdeListView.m */,
				2A537AE52126A69E0018F5DF /* TGMUpdateOrderView.h */,
				2A537AE62126A69E0018F5DF /* TGMUpdateOrderView.m */,
				2A6BA30F212A5C1400D4B624 /* TGMHelpOrderView.h */,
				2A6BA310212A5C1400D4B624 /* TGMHelpOrderView.m */,
			);
			path = View;
			sourceTree = "<group>";
		};
		2A1FFF342125640D00B7BD09 /* Expand(扩展) */ = {
			isa = PBXGroup;
			children = (
				2A1FFF352125640D00B7BD09 /* Category */,
				2A1FFF522125640D00B7BD09 /* Other */,
			);
			path = "Expand(扩展)";
			sourceTree = "<group>";
		};
		2A1FFF352125640D00B7BD09 /* Category */ = {
			isa = PBXGroup;
			children = (
				2A1FFF362125640D00B7BD09 /* UIKit */,
				2A1FFF4A2125640D00B7BD09 /* Foundation */,
			);
			path = Category;
			sourceTree = "<group>";
		};
		2A1FFF362125640D00B7BD09 /* UIKit */ = {
			isa = PBXGroup;
			children = (
				0464B0B821266B14008F1404 /* CALayer */,
				2A1FFF372125640D00B7BD09 /* UIImage */,
				2A1FFF3C2125640D00B7BD09 /* UIScrollView */,
				2A1FFF3D2125640D00B7BD09 /* UIView */,
				2A1FFF442125640D00B7BD09 /* UITextView */,
				2A1FFF472125640D00B7BD09 /* UIBarButtonItem */,
			);
			path = UIKit;
			sourceTree = "<group>";
		};
		2A1FFF372125640D00B7BD09 /* UIImage */ = {
			isa = PBXGroup;
			children = (
				2A1FFF382125640D00B7BD09 /* UIImage+Color.h */,
				2A1FFF3A2125640D00B7BD09 /* UIImage+Color.m */,
				2A1FFF392125640D00B7BD09 /* UIImage+Extensions.h */,
				2A1FFF3B2125640D00B7BD09 /* UIImage+Extensions.m */,
			);
			path = UIImage;
			sourceTree = "<group>";
		};
		2A1FFF3C2125640D00B7BD09 /* UIScrollView */ = {
			isa = PBXGroup;
			children = (
			);
			path = UIScrollView;
			sourceTree = "<group>";
		};
		2A1FFF3D2125640D00B7BD09 /* UIView */ = {
			isa = PBXGroup;
			children = (
				2A1FFF432125640D00B7BD09 /* UIView+LoadXIBView.h */,
				2A1FFF3F2125640D00B7BD09 /* UIView+LoadXIBView.m */,
			);
			path = UIView;
			sourceTree = "<group>";
		};
		2A1FFF442125640D00B7BD09 /* UITextView */ = {
			isa = PBXGroup;
			children = (
				2A1FFF452125640D00B7BD09 /* UITextView+Placeholder.m */,
				2A1FFF462125640D00B7BD09 /* UITextView+Placeholder.h */,
			);
			path = UITextView;
			sourceTree = "<group>";
		};
		2A1FFF472125640D00B7BD09 /* UIBarButtonItem */ = {
			isa = PBXGroup;
			children = (
				2A1FFF482125640D00B7BD09 /* UIBarButtonItem+CT.m */,
				2A1FFF492125640D00B7BD09 /* UIBarButtonItem+CT.h */,
			);
			path = UIBarButtonItem;
			sourceTree = "<group>";
		};
		2A1FFF4A2125640D00B7BD09 /* Foundation */ = {
			isa = PBXGroup;
			children = (
				2A1FFF4B2125640D00B7BD09 /* NSString */,
			);
			path = Foundation;
			sourceTree = "<group>";
		};
		2A1FFF4B2125640D00B7BD09 /* NSString */ = {
			isa = PBXGroup;
			children = (
				2A1FFF502125640D00B7BD09 /* NSString+RegexCategory.h */,
				2A1FFF4C2125640D00B7BD09 /* NSString+RegexCategory.m */,
				2A1FFF4E2125640D00B7BD09 /* NSString+Size.h */,
				2A1FFF512125640D00B7BD09 /* NSString+Size.m */,
			);
			path = NSString;
			sourceTree = "<group>";
		};
		2A1FFF522125640D00B7BD09 /* Other */ = {
			isa = PBXGroup;
			children = (
			);
			path = Other;
			sourceTree = "<group>";
		};
		2A1FFF662125672600B7BD09 /* Controller */ = {
			isa = PBXGroup;
			children = (
				2A1FFF6D2125687B00B7BD09 /* BaseNavigationController.h */,
				2A1FFF6C2125687B00B7BD09 /* BaseNavigationController.m */,
				2A1FFF6A2125676100B7BD09 /* BaseTableViewController.h */,
				2A1FFF692125676000B7BD09 /* BaseTableViewController.m */,
				A875F59E21251C9200C369C6 /* TGBaseViewController.h */,
				A875F59F21251C9200C369C6 /* TGBaseViewController.m */,
			);
			path = Controller;
			sourceTree = "<group>";
		};
		2A1FFF682125673D00B7BD09 /* Model */ = {
			isa = PBXGroup;
			children = (
				A875F5A121251CEA00C369C6 /* TGBaseModel.h */,
				A875F5A221251CEA00C369C6 /* TGBaseModel.m */,
			);
			path = Model;
			sourceTree = "<group>";
		};
		2A6BA312212A95A200D4B624 /* Setting */ = {
			isa = PBXGroup;
			children = (
				2A6BA315212A975A00D4B624 /* View */,
				2A6BA314212A975700D4B624 /* Controller */,
			);
			path = Setting;
			sourceTree = "<group>";
		};
		2A6BA313212A95AB00D4B624 /* Personal */ = {
			isa = PBXGroup;
			children = (
				2A6BA31F212AB13B00D4B624 /* View */,
				2A6BA31E212AB13700D4B624 /* Controller */,
			);
			path = Personal;
			sourceTree = "<group>";
		};
		2A6BA314212A975700D4B624 /* Controller */ = {
			isa = PBXGroup;
			children = (
				2A6BA316212A978000D4B624 /* TGMineSettingController.h */,
				2A6BA317212A978000D4B624 /* TGMineSettingController.m */,
			);
			path = Controller;
			sourceTree = "<group>";
		};
		2A6BA315212A975A00D4B624 /* View */ = {
			isa = PBXGroup;
			children = (
				2A6BA319212A9E8F00D4B624 /* TGMineSettingCell.h */,
				2A6BA31A212A9E8F00D4B624 /* TGMineSettingCell.m */,
				2A6BA31B212A9E8F00D4B624 /* TGMineSettingCell.xib */,
			);
			path = View;
			sourceTree = "<group>";
		};
		2A6BA31E212AB13700D4B624 /* Controller */ = {
			isa = PBXGroup;
			children = (
				2A6BA320212AB17F00D4B624 /* TGMinePersonalController.h */,
				2A6BA321212AB17F00D4B624 /* TGMinePersonalController.m */,
			);
			path = Controller;
			sourceTree = "<group>";
		};
		2A6BA31F212AB13B00D4B624 /* View */ = {
			isa = PBXGroup;
			children = (
			);
			path = View;
			sourceTree = "<group>";
		};
		6040C6749CD8BB913A2D1263 /* Pods */ = {
			isa = PBXGroup;
			children = (
				9218FE5A3540890EBDB03EA9 /* Pods-Tcandy.debug.xcconfig */,
				76B80733BB5DD0F53FDA9F99 /* Pods-Tcandy.release.xcconfig */,
			);
			name = Pods;
			sourceTree = "<group>";
		};
		A875F59A21251B2A00C369C6 /* Home */ = {
			isa = PBXGroup;
			children = (
				04F63FE1212D06AA003A4C81 /* Hot */,
				042BA7C1212BC53D00A7D18C /* Preferential */,
				042BA792212BA0C900A7D18C /* Today */,
				042BA78D212B9DF600A7D18C /* ScanCode */,
				042BA78C212B9DD000A7D18C /* Home */,
				0468A6A02126AFA500191A04 /* TGConfigure.h */,
			);
			path = Home;
			sourceTree = "<group>";
		};
		A875F5A421251D7000C369C6 /* Base */ = {
			isa = PBXGroup;
			children = (
				0489953A212AB9AC00F912F9 /* View */,
				2A1FFF682125673D00B7BD09 /* Model */,
				2A1FFF662125672600B7BD09 /* Controller */,
			);
			path = Base;
			sourceTree = "<group>";
		};
		A875F5A621251D9900C369C6 /* Save */ = {
			isa = PBXGroup;
			children = (
				A875F5AA21251E5000C369C6 /* TGSaveData.h */,
				A875F5AB21251E5000C369C6 /* TGSaveData.m */,
			);
			path = Save;
			sourceTree = "<group>";
		};
		DBDA6D77D21C0C400BD14413 /* Frameworks */ = {
			isa = PBXGroup;
			children = (
				E3E07777C9CD453442E000CD /* libPods-Tcandy.a */,
			);
			name = Frameworks;
			sourceTree = "<group>";
		};
/* End PBXGroup section */

/* Begin PBXNativeTarget section */
		2A1FFF0221250D5500B7BD09 /* Tcandy */ = {
			isa = PBXNativeTarget;
			buildConfigurationList = 2A1FFF1921250D5700B7BD09 /* Build configuration list for PBXNativeTarget "Tcandy" */;
			buildPhases = (
				CA47FADEF6A4C725DDDB42BA /* [CP] Check Pods Manifest.lock */,
				2A1FFEFF21250D5500B7BD09 /* Sources */,
				2A1FFF0021250D5500B7BD09 /* Frameworks */,
				2A1FFF0121250D5500B7BD09 /* Resources */,
				410E9C6853D235DB43F4C942 /* [CP] Copy Pods Resources */,
			);
			buildRules = (
			);
			dependencies = (
			);
			name = Tcandy;
			productName = Tcandy;
			productReference = 2A1FFF0321250D5500B7BD09 /* Tcandy.app */;
			productType = "com.apple.product-type.application";
		};
/* End PBXNativeTarget section */

/* Begin PBXProject section */
		2A1FFEFB21250D5500B7BD09 /* Project object */ = {
			isa = PBXProject;
			attributes = {
				LastUpgradeCheck = 0940;
				ORGANIZATIONNAME = tcandy;
				TargetAttributes = {
					2A1FFF0221250D5500B7BD09 = {
						CreatedOnToolsVersion = 9.4.1;
					};
				};
			};
			buildConfigurationList = 2A1FFEFE21250D5500B7BD09 /* Build configuration list for PBXProject "Tcandy" */;
			compatibilityVersion = "Xcode 9.3";
			developmentRegion = en;
			hasScannedForEncodings = 0;
			knownRegions = (
				en,
				Base,
			);
			mainGroup = 2A1FFEFA21250D5500B7BD09;
			productRefGroup = 2A1FFF0421250D5500B7BD09 /* Products */;
			projectDirPath = "";
			projectRoot = "";
			targets = (
				2A1FFF0221250D5500B7BD09 /* Tcandy */,
			);
		};
/* End PBXProject section */

/* Begin PBXResourcesBuildPhase section */
		2A1FFF0121250D5500B7BD09 /* Resources */ = {
			isa = PBXResourcesBuildPhase;
			buildActionMask = 2147483647;
			files = (
				2A6BA31D212A9E8F00D4B624 /* TGMineSettingCell.xib in Resources */,
				2A1FFF1321250D5600B7BD09 /* LaunchScreen.storyboard in Resources */,
				2A1FFF652125658F00B7BD09 /* TGMineHeadView.xib in Resources */,
				042BA7BA212BB5EC00A7D18C /* TGTodayScareBuySubCell.xib in Resources */,
				04F63FE0212CF601003A4C81 /* TGPreferentialSubCell.xib in Resources */,
				2A1FFF282125188000B7BD09 /* Public.xcassets in Resources */,
				2A1FFF1021250D5600B7BD09 /* Assets.xcassets in Resources */,
				2A1FFF0E21250D5500B7BD09 /* Main.storyboard in Resources */,
				0468A6A82126BA0300191A04 /* TGHomeCell.xib in Resources */,
				04F63FEB212D0720003A4C81 /* TGHotSearchCell.xib in Resources */,
				0464B0B621257B8B008F1404 /* TGHomeHeaderView.xib in Resources */,
				04899522212A67A800F912F9 /* TGHomeSelectShopKindsCRView.xib in Resources */,
				042BA7CD212BDD6100A7D18C /* TGPreferentialSubViewController.xib in Resources */,
			);
			runOnlyForDeploymentPostprocessing = 0;
		};
/* End PBXResourcesBuildPhase section */

/* Begin PBXShellScriptBuildPhase section */
		410E9C6853D235DB43F4C942 /* [CP] Copy Pods Resources */ = {
			isa = PBXShellScriptBuildPhase;
			buildActionMask = 2147483647;
			files = (
			);
			inputPaths = (
				"${SRCROOT}/Pods/Target Support Files/Pods-Tcandy/Pods-Tcandy-resources.sh",
				"${PODS_ROOT}/IQKeyboardManager/IQKeyboardManager/Resources/IQKeyboardManager.bundle",
				"${PODS_ROOT}/MJRefresh/MJRefresh/MJRefresh.bundle",
			);
			name = "[CP] Copy Pods Resources";
			outputPaths = (
				"${TARGET_BUILD_DIR}/${UNLOCALIZED_RESOURCES_FOLDER_PATH}/IQKeyboardManager.bundle",
				"${TARGET_BUILD_DIR}/${UNLOCALIZED_RESOURCES_FOLDER_PATH}/MJRefresh.bundle",
			);
			runOnlyForDeploymentPostprocessing = 0;
			shellPath = /bin/sh;
			shellScript = "\"${SRCROOT}/Pods/Target Support Files/Pods-Tcandy/Pods-Tcandy-resources.sh\"\n";
			showEnvVarsInLog = 0;
		};
		CA47FADEF6A4C725DDDB42BA /* [CP] Check Pods Manifest.lock */ = {
			isa = PBXShellScriptBuildPhase;
			buildActionMask = 2147483647;
			files = (
			);
			inputPaths = (
				"${PODS_PODFILE_DIR_PATH}/Podfile.lock",
				"${PODS_ROOT}/Manifest.lock",
			);
			name = "[CP] Check Pods Manifest.lock";
			outputPaths = (
				"$(DERIVED_FILE_DIR)/Pods-Tcandy-checkManifestLockResult.txt",
			);
			runOnlyForDeploymentPostprocessing = 0;
			shellPath = /bin/sh;
			shellScript = "diff \"${PODS_PODFILE_DIR_PATH}/Podfile.lock\" \"${PODS_ROOT}/Manifest.lock\" > /dev/null\nif [ $? != 0 ] ; then\n    # print error to STDERR\n    echo \"error: The sandbox is not in sync with the Podfile.lock. Run 'pod install' or update your CocoaPods installation.\" >&2\n    exit 1\nfi\n# This output is used by Xcode 'outputs' to avoid re-running this script phase.\necho \"SUCCESS\" > \"${SCRIPT_OUTPUT_FILE_0}\"\n";
			showEnvVarsInLog = 0;
		};
/* End PBXShellScriptBuildPhase section */

/* Begin PBXSourcesBuildPhase section */
		2A1FFEFF21250D5500B7BD09 /* Sources */ = {
			isa = PBXSourcesBuildPhase;
			buildActionMask = 2147483647;
			files = (
				0489953E212ABD1D00F912F9 /* TGMinePersonalController.m in Sources */,
				04F6DFF92126D8730014AC07 /* TGMineInvitationView.m in Sources */,
				04F63FE5212D06E6003A4C81 /* TGHotSearchViewController.m in Sources */,
				042BA7C0212BBA1E00A7D18C /* TGProgressView.m in Sources */,
				04F6DFFA2126D8730014AC07 /* TGMOrdeListView.m in Sources */,
				2A1FFF592125640D00B7BD09 /* UIImage+Extensions.m in Sources */,
				2A1FFF332125638500B7BD09 /* TGMineHeadView.m in Sources */,
				0468A6B12126D25600191A04 /* TGHomeSelectShopKindsView.m in Sources */,
				2A1FFF0B21250D5500B7BD09 /* ViewController.m in Sources */,
				2A6BA31C212A9E8F00D4B624 /* TGMineSettingCell.m in Sources */,
				042BA7AA212BADA200A7D18C /* NSString+SGPagingView.m in Sources */,
				042BA7AF212BADA200A7D18C /* SGPageTitleView.m in Sources */,
				2A537AE72126A69E0018F5DF /* TGMUpdateOrderView.m in Sources */,
				042BA7AD212BADA200A7D18C /* SGPageContentCollectionView.m in Sources */,
				04F63FEA212D0720003A4C81 /* TGHotSearchCell.m in Sources */,
				2A537AE12126A62F0018F5DF /* TGMWalletOrderView.m in Sources */,
				2A1FFF5B2125640D00B7BD09 /* UIView+LoadXIBView.m in Sources */,
				2A1FFF1621250D5700B7BD09 /* main.m in Sources */,
				04899537212AB94400F912F9 /* NullSafe.m in Sources */,
				2A1FFF0821250D5500B7BD09 /* AppDelegate.m in Sources */,
				A875F5AC21251E5000C369C6 /* TGSaveData.m in Sources */,
				042BA790212B9E7500A7D18C /* TGScanCodeViewController.m in Sources */,
				042BA7AC212BADA200A7D18C /* UIView+SGPagingView.m in Sources */,
				2A1FFF612125640D00B7BD09 /* NSString+Size.m in Sources */,
				A875F5A321251CEA00C369C6 /* TGBaseModel.m in Sources */,
				042BA795212BA4BC00A7D18C /* TGTodayScareBuyViewController.m in Sources */,
				042BA7B9212BB5EC00A7D18C /* TGTodayScareBuySubCell.m in Sources */,
				2A6BA311212A5C1400D4B624 /* TGMHelpOrderView.m in Sources */,
				042BA7C4212BC61000A7D18C /* TGPreferentialViewController.m in Sources */,
				2A1FFF2F2125279600B7BD09 /* TGMineController.m in Sources */,
				2A1FFF6B2125676100B7BD09 /* BaseTableViewController.m in Sources */,
				042BA7D1212BDF3900A7D18C /* TGSortBarView.m in Sources */,
				0468A6AE2126C2CD00191A04 /* TGHomeSearchBarView.m in Sources */,
				042BA7AB212BADA200A7D18C /* UIButton+SGPagingView.m in Sources */,
				2A1FFF582125640D00B7BD09 /* UIImage+Color.m in Sources */,
				042BA7AE212BADA200A7D18C /* SGPageContentScrollView.m in Sources */,
				0489953D212AB9AC00F912F9 /* TGBaseTableViewCell.m in Sources */,
				04899536212AB94400F912F9 /* TGNetwork.m in Sources */,
				A875F59D21251BFE00C369C6 /* TGMainTabBarController.m in Sources */,
				0464B0AC21257793008F1404 /* TGHomeController.m in Sources */,
				04899521212A67A800F912F9 /* TGHomeSelectShopKindsCRView.m in Sources */,
				042BA7B0212BADA200A7D18C /* SGPageTitleViewConfigure.m in Sources */,
				04F63FDF212CF601003A4C81 /* TGPreferentialSubCell.m in Sources */,
				04F63FDB212CF5C8003A4C81 /* TGBaseCollectionCell.m in Sources */,
				042BA7B3212BB43400A7D18C /* TGTodayScareBuySubViewController.m in Sources */,
				2A1FFF5D2125640D00B7BD09 /* UITextView+Placeholder.m in Sources */,
				2A1FFF6E2125687B00B7BD09 /* BaseNavigationController.m in Sources */,
				2A1FFF5F2125640D00B7BD09 /* NSString+RegexCategory.m in Sources */,
				0464B0B421257B80008F1404 /* TGHomeHeaderView.m in Sources */,
				2A6BA318212A978000D4B624 /* TGMineSettingController.m in Sources */,
				042BA7D8212C17F900A7D18C /* TGSortSelectModel.m in Sources */,
				0468A6A72126BA0300191A04 /* TGHomeCell.m in Sources */,
				A875F5A021251C9200C369C6 /* TGBaseViewController.m in Sources */,
				042BA7CB212BDCCE00A7D18C /* TGPreferentialSubViewController.m in Sources */,
				2A1FFF5E2125640D00B7BD09 /* UIBarButtonItem+CT.m in Sources */,
				0464B0BB21266B5C008F1404 /* CALayer+UIColor.m in Sources */,
				0468A6A32126B16000191A04 /* TGHomeSectionHeaderView.m in Sources */,
				042BA7D5212C0B7500A7D18C /* TGSortBarModel.m in Sources */,
			);
			runOnlyForDeploymentPostprocessing = 0;
		};
/* End PBXSourcesBuildPhase section */

/* Begin PBXVariantGroup section */
		2A1FFF0C21250D5500B7BD09 /* Main.storyboard */ = {
			isa = PBXVariantGroup;
			children = (
				2A1FFF0D21250D5500B7BD09 /* Base */,
			);
			name = Main.storyboard;
			sourceTree = "<group>";
		};
		2A1FFF1121250D5600B7BD09 /* LaunchScreen.storyboard */ = {
			isa = PBXVariantGroup;
			children = (
				2A1FFF1221250D5600B7BD09 /* Base */,
			);
			name = LaunchScreen.storyboard;
			sourceTree = "<group>";
		};
/* End PBXVariantGroup section */

/* Begin XCBuildConfiguration section */
		2A1FFF1721250D5700B7BD09 /* Debug */ = {
			isa = XCBuildConfiguration;
			buildSettings = {
				ALWAYS_SEARCH_USER_PATHS = NO;
				CLANG_ANALYZER_NONNULL = YES;
				CLANG_ANALYZER_NUMBER_OBJECT_CONVERSION = YES_AGGRESSIVE;
				CLANG_CXX_LANGUAGE_STANDARD = "gnu++14";
				CLANG_CXX_LIBRARY = "libc++";
				CLANG_ENABLE_MODULES = YES;
				CLANG_ENABLE_OBJC_ARC = YES;
				CLANG_ENABLE_OBJC_WEAK = YES;
				CLANG_WARN_BLOCK_CAPTURE_AUTORELEASING = YES;
				CLANG_WARN_BOOL_CONVERSION = YES;
				CLANG_WARN_COMMA = YES;
				CLANG_WARN_CONSTANT_CONVERSION = YES;
				CLANG_WARN_DEPRECATED_OBJC_IMPLEMENTATIONS = YES;
				CLANG_WARN_DIRECT_OBJC_ISA_USAGE = YES_ERROR;
				CLANG_WARN_DOCUMENTATION_COMMENTS = YES;
				CLANG_WARN_EMPTY_BODY = YES;
				CLANG_WARN_ENUM_CONVERSION = YES;
				CLANG_WARN_INFINITE_RECURSION = YES;
				CLANG_WARN_INT_CONVERSION = YES;
				CLANG_WARN_NON_LITERAL_NULL_CONVERSION = YES;
				CLANG_WARN_OBJC_IMPLICIT_RETAIN_SELF = YES;
				CLANG_WARN_OBJC_LITERAL_CONVERSION = YES;
				CLANG_WARN_OBJC_ROOT_CLASS = YES_ERROR;
				CLANG_WARN_RANGE_LOOP_ANALYSIS = YES;
				CLANG_WARN_STRICT_PROTOTYPES = YES;
				CLANG_WARN_SUSPICIOUS_MOVE = YES;
				CLANG_WARN_UNGUARDED_AVAILABILITY = YES_AGGRESSIVE;
				CLANG_WARN_UNREACHABLE_CODE = YES;
				CLANG_WARN__DUPLICATE_METHOD_MATCH = YES;
				CODE_SIGN_IDENTITY = "iPhone Developer";
				COPY_PHASE_STRIP = NO;
				DEBUG_INFORMATION_FORMAT = dwarf;
				ENABLE_STRICT_OBJC_MSGSEND = YES;
				ENABLE_TESTABILITY = YES;
				GCC_C_LANGUAGE_STANDARD = gnu11;
				GCC_DYNAMIC_NO_PIC = NO;
				GCC_NO_COMMON_BLOCKS = YES;
				GCC_OPTIMIZATION_LEVEL = 0;
				GCC_PREPROCESSOR_DEFINITIONS = (
					"DEBUG=1",
					"$(inherited)",
				);
				GCC_WARN_64_TO_32_BIT_CONVERSION = YES;
				GCC_WARN_ABOUT_RETURN_TYPE = YES_ERROR;
				GCC_WARN_UNDECLARED_SELECTOR = YES;
				GCC_WARN_UNINITIALIZED_AUTOS = YES_AGGRESSIVE;
				GCC_WARN_UNUSED_FUNCTION = YES;
				GCC_WARN_UNUSED_VARIABLE = YES;
				IPHONEOS_DEPLOYMENT_TARGET = 9.0;
				MTL_ENABLE_DEBUG_INFO = YES;
				ONLY_ACTIVE_ARCH = YES;
				SDKROOT = iphoneos;
			};
			name = Debug;
		};
		2A1FFF1821250D5700B7BD09 /* Release */ = {
			isa = XCBuildConfiguration;
			buildSettings = {
				ALWAYS_SEARCH_USER_PATHS = NO;
				CLANG_ANALYZER_NONNULL = YES;
				CLANG_ANALYZER_NUMBER_OBJECT_CONVERSION = YES_AGGRESSIVE;
				CLANG_CXX_LANGUAGE_STANDARD = "gnu++14";
				CLANG_CXX_LIBRARY = "libc++";
				CLANG_ENABLE_MODULES = YES;
				CLANG_ENABLE_OBJC_ARC = YES;
				CLANG_ENABLE_OBJC_WEAK = YES;
				CLANG_WARN_BLOCK_CAPTURE_AUTORELEASING = YES;
				CLANG_WARN_BOOL_CONVERSION = YES;
				CLANG_WARN_COMMA = YES;
				CLANG_WARN_CONSTANT_CONVERSION = YES;
				CLANG_WARN_DEPRECATED_OBJC_IMPLEMENTATIONS = YES;
				CLANG_WARN_DIRECT_OBJC_ISA_USAGE = YES_ERROR;
				CLANG_WARN_DOCUMENTATION_COMMENTS = YES;
				CLANG_WARN_EMPTY_BODY = YES;
				CLANG_WARN_ENUM_CONVERSION = YES;
				CLANG_WARN_INFINITE_RECURSION = YES;
				CLANG_WARN_INT_CONVERSION = YES;
				CLANG_WARN_NON_LITERAL_NULL_CONVERSION = YES;
				CLANG_WARN_OBJC_IMPLICIT_RETAIN_SELF = YES;
				CLANG_WARN_OBJC_LITERAL_CONVERSION = YES;
				CLANG_WARN_OBJC_ROOT_CLASS = YES_ERROR;
				CLANG_WARN_RANGE_LOOP_ANALYSIS = YES;
				CLANG_WARN_STRICT_PROTOTYPES = YES;
				CLANG_WARN_SUSPICIOUS_MOVE = YES;
				CLANG_WARN_UNGUARDED_AVAILABILITY = YES_AGGRESSIVE;
				CLANG_WARN_UNREACHABLE_CODE = YES;
				CLANG_WARN__DUPLICATE_METHOD_MATCH = YES;
				CODE_SIGN_IDENTITY = "iPhone Developer";
				COPY_PHASE_STRIP = NO;
				DEBUG_INFORMATION_FORMAT = "dwarf-with-dsym";
				ENABLE_NS_ASSERTIONS = NO;
				ENABLE_STRICT_OBJC_MSGSEND = YES;
				GCC_C_LANGUAGE_STANDARD = gnu11;
				GCC_NO_COMMON_BLOCKS = YES;
				GCC_WARN_64_TO_32_BIT_CONVERSION = YES;
				GCC_WARN_ABOUT_RETURN_TYPE = YES_ERROR;
				GCC_WARN_UNDECLARED_SELECTOR = YES;
				GCC_WARN_UNINITIALIZED_AUTOS = YES_AGGRESSIVE;
				GCC_WARN_UNUSED_FUNCTION = YES;
				GCC_WARN_UNUSED_VARIABLE = YES;
				IPHONEOS_DEPLOYMENT_TARGET = 9.0;
				MTL_ENABLE_DEBUG_INFO = NO;
				SDKROOT = iphoneos;
				VALIDATE_PRODUCT = YES;
			};
			name = Release;
		};
		2A1FFF1A21250D5700B7BD09 /* Debug */ = {
			isa = XCBuildConfiguration;
			baseConfigurationReference = 9218FE5A3540890EBDB03EA9 /* Pods-Tcandy.debug.xcconfig */;
			buildSettings = {
				ASSETCATALOG_COMPILER_APPICON_NAME = AppIcon;
				CODE_SIGN_STYLE = Automatic;
				DEVELOPMENT_TEAM = "";
				GCC_PREFIX_HEADER = "$(SRCROOT)/Tcandy/Classes/Other/PrefixHeader.pch";
				INFOPLIST_FILE = "$(SRCROOT)/Tcandy/Classes/Other/Info.plist";
				IPHONEOS_DEPLOYMENT_TARGET = 9.0;
				LD_RUNPATH_SEARCH_PATHS = (
					"$(inherited)",
					"@executable_path/Frameworks",
				);
				PRODUCT_BUNDLE_IDENTIFIER = "com.-tcandy.Tcandy";
				PRODUCT_NAME = "$(TARGET_NAME)";
				TARGETED_DEVICE_FAMILY = "1,2";
			};
			name = Debug;
		};
		2A1FFF1B21250D5700B7BD09 /* Release */ = {
			isa = XCBuildConfiguration;
			baseConfigurationReference = 76B80733BB5DD0F53FDA9F99 /* Pods-Tcandy.release.xcconfig */;
			buildSettings = {
				ASSETCATALOG_COMPILER_APPICON_NAME = AppIcon;
				CODE_SIGN_STYLE = Automatic;
				DEVELOPMENT_TEAM = "";
				GCC_PREFIX_HEADER = "$(SRCROOT)/Tcandy/Classes/Other/PrefixHeader.pch";
				INFOPLIST_FILE = "$(SRCROOT)/Tcandy/Classes/Other/Info.plist";
				IPHONEOS_DEPLOYMENT_TARGET = 9.0;
				LD_RUNPATH_SEARCH_PATHS = (
					"$(inherited)",
					"@executable_path/Frameworks",
				);
				PRODUCT_BUNDLE_IDENTIFIER = "com.-tcandy.Tcandy";
				PRODUCT_NAME = "$(TARGET_NAME)";
				TARGETED_DEVICE_FAMILY = "1,2";
			};
			name = Release;
		};
/* End XCBuildConfiguration section */

/* Begin XCConfigurationList section */
		2A1FFEFE21250D5500B7BD09 /* Build configuration list for PBXProject "Tcandy" */ = {
			isa = XCConfigurationList;
			buildConfigurations = (
				2A1FFF1721250D5700B7BD09 /* Debug */,
				2A1FFF1821250D5700B7BD09 /* Release */,
			);
			defaultConfigurationIsVisible = 0;
			defaultConfigurationName = Release;
		};
		2A1FFF1921250D5700B7BD09 /* Build configuration list for PBXNativeTarget "Tcandy" */ = {
			isa = XCConfigurationList;
			buildConfigurations = (
				2A1FFF1A21250D5700B7BD09 /* Debug */,
				2A1FFF1B21250D5700B7BD09 /* Release */,
			);
			defaultConfigurationIsVisible = 0;
			defaultConfigurationName = Release;
		};
/* End XCConfigurationList section */
	};
	rootObject = 2A1FFEFB21250D5500B7BD09 /* Project object */;
}
