// !$*UTF8*$!
{
	archiveVersion = 1;
	classes = {
	};
	objectVersion = 50;
	objects = {

/* Begin PBXBuildFile section */
		2A1FFF0821250D5500B7BD09 /* AppDelegate.m in Sources */ = {isa = PBXBuildFile; fileRef = 2A1FFF0721250D5500B7BD09 /* AppDelegate.m */; };
		2A1FFF0B21250D5500B7BD09 /* ViewController.m in Sources */ = {isa = PBXBuildFile; fileRef = 2A1FFF0A21250D5500B7BD09 /* ViewController.m */; };
		2A1FFF0E21250D5500B7BD09 /* Main.storyboard in Resources */ = {isa = PBXBuildFile; fileRef = 2A1FFF0C21250D5500B7BD09 /* Main.storyboard */; };
		2A1FFF1021250D5600B7BD09 /* Assets.xcassets in Resources */ = {isa = PBXBuildFile; fileRef = 2A1FFF0F21250D5600B7BD09 /* Assets.xcassets */; };
		2A1FFF1321250D5600B7BD09 /* LaunchScreen.storyboard in Resources */ = {isa = PBXBuildFile; fileRef = 2A1FFF1121250D5600B7BD09 /* LaunchScreen.storyboard */; };
		2A1FFF1621250D5700B7BD09 /* main.m in Sources */ = {isa = PBXBuildFile; fileRef = 2A1FFF1521250D5700B7BD09 /* main.m */; };
/* End PBXBuildFile section */

/* Begin PBXFileReference section */
		2A1FFF0321250D5500B7BD09 /* Tcandy.app */ = {isa = PBXFileReference; explicitFileType = wrapper.application; includeInIndex = 0; path = Tcandy.app; sourceTree = BUILT_PRODUCTS_DIR; };
		2A1FFF0621250D5500B7BD09 /* AppDelegate.h */ = {isa = PBXFileReference; lastKnownFileType = sourcecode.c.h; path = AppDelegate.h; sourceTree = "<group>"; };
		2A1FFF0721250D5500B7BD09 /* AppDelegate.m */ = {isa = PBXFileReference; lastKnownFileType = sourcecode.c.objc; path = AppDelegate.m; sourceTree = "<group>"; };
		2A1FFF0921250D5500B7BD09 /* ViewController.h */ = {isa = PBXFileReference; lastKnownFileType = sourcecode.c.h; path = ViewController.h; sourceTree = "<group>"; };
		2A1FFF0A21250D5500B7BD09 /* ViewController.m */ = {isa = PBXFileReference; lastKnownFileType = sourcecode.c.objc; path = ViewController.m; sourceTree = "<group>"; };
		2A1FFF0D21250D5500B7BD09 /* Base */ = {isa = PBXFileReference; lastKnownFileType = file.storyboard; name = Base; path = Base.lproj/Main.storyboard; sourceTree = "<group>"; };
		2A1FFF0F21250D5600B7BD09 /* Assets.xcassets */ = {isa = PBXFileReference; lastKnownFileType = folder.assetcatalog; path = Assets.xcassets; sourceTree = "<group>"; };
		2A1FFF1221250D5600B7BD09 /* Base */ = {isa = PBXFileReference; lastKnownFileType = file.storyboard; name = Base; path = Base.lproj/LaunchScreen.storyboard; sourceTree = "<group>"; };
		2A1FFF1421250D5600B7BD09 /* Info.plist */ = {isa = PBXFileReference; lastKnownFileType = text.plist.xml; path = Info.plist; sourceTree = "<group>"; };
		2A1FFF1521250D5700B7BD09 /* main.m */ = {isa = PBXFileReference; lastKnownFileType = sourcecode.c.objc; path = main.m; sourceTree = "<group>"; };
/* End PBXFileReference section */

/* Begin PBXFrameworksBuildPhase section */
		2A1FFF0021250D5500B7BD09 /* Frameworks */ = {
			isa = PBXFrameworksBuildPhase;
			buildActionMask = 2147483647;
			files = (
			);
			runOnlyForDeploymentPostprocessing = 0;
		};
/* End PBXFrameworksBuildPhase section */

/* Begin PBXGroup section */
		2A1FFEFA21250D5500B7BD09 = {
			isa = PBXGroup;
			children = (
				2A1FFF0521250D5500B7BD09 /* Tcandy */,
				2A1FFF0421250D5500B7BD09 /* Products */,
			);
			sourceTree = "<group>";
		};
		2A1FFF0421250D5500B7BD09 /* Products */ = {
			isa = PBXGroup;
			children = (
				2A1FFF0321250D5500B7BD09 /* Tcandy.app */,
			);
			name = Products;
			sourceTree = "<group>";
		};
		2A1FFF0521250D5500B7BD09 /* Tcandy */ = {
			isa = PBXGroup;
			children = (
				2A1FFF0621250D5500B7BD09 /* AppDelegate.h */,
				2A1FFF0721250D5500B7BD09 /* AppDelegate.m */,
				2A1FFF0921250D5500B7BD09 /* ViewController.h */,
				2A1FFF0A21250D5500B7BD09 /* ViewController.m */,
				2A1FFF0C21250D5500B7BD09 /* Main.storyboard */,
				2A1FFF0F21250D5600B7BD09 /* Assets.xcassets */,
				2A1FFF1121250D5600B7BD09 /* LaunchScreen.storyboard */,
				2A1FFF1421250D5600B7BD09 /* Info.plist */,
				2A1FFF1521250D5700B7BD09 /* main.m */,
			);
			path = Tcandy;
			sourceTree = "<group>";
		};
/* End PBXGroup section */

/* Begin PBXNativeTarget section */
		2A1FFF0221250D5500B7BD09 /* Tcandy */ = {
			isa = PBXNativeTarget;
			buildConfigurationList = 2A1FFF1921250D5700B7BD09 /* Build configuration list for PBXNativeTarget "Tcandy" */;
			buildPhases = (
				2A1FFEFF21250D5500B7BD09 /* Sources */,
				2A1FFF0021250D5500B7BD09 /* Frameworks */,
				2A1FFF0121250D5500B7BD09 /* Resources */,
			);
			buildRules = (
			);
			dependencies = (
			);
			name = Tcandy;
			productName = Tcandy;
			productReference = 2A1FFF0321250D5500B7BD09 /* Tcandy.app */;
			productType = "com.apple.product-type.application";
		};
/* End PBXNativeTarget section */

/* Begin PBXProject section */
		2A1FFEFB21250D5500B7BD09 /* Project object */ = {
			isa = PBXProject;
			attributes = {
				LastUpgradeCheck = 0940;
				ORGANIZATIONNAME = tcandy;
				TargetAttributes = {
					2A1FFF0221250D5500B7BD09 = {
						CreatedOnToolsVersion = 9.4.1;
					};
				};
			};
			buildConfigurationList = 2A1FFEFE21250D5500B7BD09 /* Build configuration list for PBXProject "Tcandy" */;
			compatibilityVersion = "Xcode 9.3";
			developmentRegion = en;
			hasScannedForEncodings = 0;
			knownRegions = (
				en,
				Base,
			);
			mainGroup = 2A1FFEFA21250D5500B7BD09;
			productRefGroup = 2A1FFF0421250D5500B7BD09 /* Products */;
			projectDirPath = "";
			projectRoot = "";
			targets = (
				2A1FFF0221250D5500B7BD09 /* Tcandy */,
			);
		};
/* End PBXProject section */

/* Begin PBXResourcesBuildPhase section */
		2A1FFF0121250D5500B7BD09 /* Resources */ = {
			isa = PBXResourcesBuildPhase;
			buildActionMask = 2147483647;
			files = (
				2A1FFF1321250D5600B7BD09 /* LaunchScreen.storyboard in Resources */,
				2A1FFF1021250D5600B7BD09 /* Assets.xcassets in Resources */,
				2A1FFF0E21250D5500B7BD09 /* Main.storyboard in Resources */,
			);
			runOnlyForDeploymentPostprocessing = 0;
		};
/* End PBXResourcesBuildPhase section */

/* Begin PBXSourcesBuildPhase section */
		2A1FFEFF21250D5500B7BD09 /* Sources */ = {
			isa = PBXSourcesBuildPhase;
			buildActionMask = 2147483647;
			files = (
				2A1FFF0B21250D5500B7BD09 /* ViewController.m in Sources */,
				2A1FFF1621250D5700B7BD09 /* main.m in Sources */,
				2A1FFF0821250D5500B7BD09 /* AppDelegate.m in Sources */,
			);
			runOnlyForDeploymentPostprocessing = 0;
		};
/* End PBXSourcesBuildPhase section */

/* Begin PBXVariantGroup section */
		2A1FFF0C21250D5500B7BD09 /* Main.storyboard */ = {
			isa = PBXVariantGroup;
			children = (
				2A1FFF0D21250D5500B7BD09 /* Base */,
			);
			name = Main.storyboard;
			sourceTree = "<group>";
		};
		2A1FFF1121250D5600B7BD09 /* LaunchScreen.storyboard */ = {
			isa = PBXVariantGroup;
			children = (
				2A1FFF1221250D5600B7BD09 /* Base */,
			);
			name = LaunchScreen.storyboard;
			sourceTree = "<group>";
		};
/* End PBXVariantGroup section */

/* Begin XCBuildConfiguration section */
		2A1FFF1721250D5700B7BD09 /* Debug */ = {
			isa = XCBuildConfiguration;
			buildSettings = {
				ALWAYS_SEARCH_USER_PATHS = NO;
				CLANG_ANALYZER_NONNULL = YES;
				CLANG_ANALYZER_NUMBER_OBJECT_CONVERSION = YES_AGGRESSIVE;
				CLANG_CXX_LANGUAGE_STANDARD = "gnu++14";
				CLANG_CXX_LIBRARY = "libc++";
				CLANG_ENABLE_MODULES = YES;
				CLANG_ENABLE_OBJC_ARC = YES;
				CLANG_ENABLE_OBJC_WEAK = YES;
				CLANG_WARN_BLOCK_CAPTURE_AUTORELEASING = YES;
				CLANG_WARN_BOOL_CONVERSION = YES;
				CLANG_WARN_COMMA = YES;
				CLANG_WARN_CONSTANT_CONVERSION = YES;
				CLANG_WARN_DEPRECATED_OBJC_IMPLEMENTATIONS = YES;
				CLANG_WARN_DIRECT_OBJC_ISA_USAGE = YES_ERROR;
				CLANG_WARN_DOCUMENTATION_COMMENTS = YES;
				CLANG_WARN_EMPTY_BODY = YES;
				CLANG_WARN_ENUM_CONVERSION = YES;
				CLANG_WARN_INFINITE_RECURSION = YES;
				CLANG_WARN_INT_CONVERSION = YES;
				CLANG_WARN_NON_LITERAL_NULL_CONVERSION = YES;
				CLANG_WARN_OBJC_IMPLICIT_RETAIN_SELF = YES;
				CLANG_WARN_OBJC_LITERAL_CONVERSION = YES;
				CLANG_WARN_OBJC_ROOT_CLASS = YES_ERROR;
				CLANG_WARN_RANGE_LOOP_ANALYSIS = YES;
				CLANG_WARN_STRICT_PROTOTYPES = YES;
				CLANG_WARN_SUSPICIOUS_MOVE = YES;
				CLANG_WARN_UNGUARDED_AVAILABILITY = YES_AGGRESSIVE;
				CLANG_WARN_UNREACHABLE_CODE = YES;
				CLANG_WARN__DUPLICATE_METHOD_MATCH = YES;
				CODE_SIGN_IDENTITY = "iPhone Developer";
				COPY_PHASE_STRIP = NO;
				DEBUG_INFORMATION_FORMAT = dwarf;
				ENABLE_STRICT_OBJC_MSGSEND = YES;
				ENABLE_TESTABILITY = YES;
				GCC_C_LANGUAGE_STANDARD = gnu11;
				GCC_DYNAMIC_NO_PIC = NO;
				GCC_NO_COMMON_BLOCKS = YES;
				GCC_OPTIMIZATION_LEVEL = 0;
				GCC_PREPROCESSOR_DEFINITIONS = (
					"DEBUG=1",
					"$(inherited)",
				);
				GCC_WARN_64_TO_32_BIT_CONVERSION = YES;
				GCC_WARN_ABOUT_RETURN_TYPE = YES_ERROR;
				GCC_WARN_UNDECLARED_SELECTOR = YES;
				GCC_WARN_UNINITIALIZED_AUTOS = YES_AGGRESSIVE;
				GCC_WARN_UNUSED_FUNCTION = YES;
				GCC_WARN_UNUSED_VARIABLE = YES;
				IPHONEOS_DEPLOYMENT_TARGET = 9.0;
				MTL_ENABLE_DEBUG_INFO = YES;
				ONLY_ACTIVE_ARCH = YES;
				SDKROOT = iphoneos;
			};
			name = Debug;
		};
		2A1FFF1821250D5700B7BD09 /* Release */ = {
			isa = XCBuildConfiguration;
			buildSettings = {
				ALWAYS_SEARCH_USER_PATHS = NO;
				CLANG_ANALYZER_NONNULL = YES;
				CLANG_ANALYZER_NUMBER_OBJECT_CONVERSION = YES_AGGRESSIVE;
				CLANG_CXX_LANGUAGE_STANDARD = "gnu++14";
				CLANG_CXX_LIBRARY = "libc++";
				CLANG_ENABLE_MODULES = YES;
				CLANG_ENABLE_OBJC_ARC = YES;
				CLANG_ENABLE_OBJC_WEAK = YES;
				CLANG_WARN_BLOCK_CAPTURE_AUTORELEASING = YES;
				CLANG_WARN_BOOL_CONVERSION = YES;
				CLANG_WARN_COMMA = YES;
				CLANG_WARN_CONSTANT_CONVERSION = YES;
				CLANG_WARN_DEPRECATED_OBJC_IMPLEMENTATIONS = YES;
				CLANG_WARN_DIRECT_OBJC_ISA_USAGE = YES_ERROR;
				CLANG_WARN_DOCUMENTATION_COMMENTS = YES;
				CLANG_WARN_EMPTY_BODY = YES;
				CLANG_WARN_ENUM_CONVERSION = YES;
				CLANG_WARN_INFINITE_RECURSION = YES;
				CLANG_WARN_INT_CONVERSION = YES;
				CLANG_WARN_NON_LITERAL_NULL_CONVERSION = YES;
				CLANG_WARN_OBJC_IMPLICIT_RETAIN_SELF = YES;
				CLANG_WARN_OBJC_LITERAL_CONVERSION = YES;
				CLANG_WARN_OBJC_ROOT_CLASS = YES_ERROR;
				CLANG_WARN_RANGE_LOOP_ANALYSIS = YES;
				CLANG_WARN_STRICT_PROTOTYPES = YES;
				CLANG_WARN_SUSPICIOUS_MOVE = YES;
				CLANG_WARN_UNGUARDED_AVAILABILITY = YES_AGGRESSIVE;
				CLANG_WARN_UNREACHABLE_CODE = YES;
				CLANG_WARN__DUPLICATE_METHOD_MATCH = YES;
				CODE_SIGN_IDENTITY = "iPhone Developer";
				COPY_PHASE_STRIP = NO;
				DEBUG_INFORMATION_FORMAT = "dwarf-with-dsym";
				ENABLE_NS_ASSERTIONS = NO;
				ENABLE_STRICT_OBJC_MSGSEND = YES;
				GCC_C_LANGUAGE_STANDARD = gnu11;
				GCC_NO_COMMON_BLOCKS = YES;
				GCC_WARN_64_TO_32_BIT_CONVERSION = YES;
				GCC_WARN_ABOUT_RETURN_TYPE = YES_ERROR;
				GCC_WARN_UNDECLARED_SELECTOR = YES;
				GCC_WARN_UNINITIALIZED_AUTOS = YES_AGGRESSIVE;
				GCC_WARN_UNUSED_FUNCTION = YES;
				GCC_WARN_UNUSED_VARIABLE = YES;
				IPHONEOS_DEPLOYMENT_TARGET = 9.0;
				MTL_ENABLE_DEBUG_INFO = NO;
				SDKROOT = iphoneos;
				VALIDATE_PRODUCT = YES;
			};
			name = Release;
		};
		2A1FFF1A21250D5700B7BD09 /* Debug */ = {
			isa = XCBuildConfiguration;
			buildSettings = {
				ASSETCATALOG_COMPILER_APPICON_NAME = AppIcon;
				CODE_SIGN_STYLE = Automatic;
				INFOPLIST_FILE = Tcandy/Info.plist;
				IPHONEOS_DEPLOYMENT_TARGET = 9.0;
				LD_RUNPATH_SEARCH_PATHS = (
					"$(inherited)",
					"@executable_path/Frameworks",
				);
				PRODUCT_BUNDLE_IDENTIFIER = "com.-tcandy.Tcandy";
				PRODUCT_NAME = "$(TARGET_NAME)";
				TARGETED_DEVICE_FAMILY = "1,2";
			};
			name = Debug;
		};
		2A1FFF1B21250D5700B7BD09 /* Release */ = {
			isa = XCBuildConfiguration;
			buildSettings = {
				ASSETCATALOG_COMPILER_APPICON_NAME = AppIcon;
				CODE_SIGN_STYLE = Automatic;
				INFOPLIST_FILE = Tcandy/Info.plist;
				IPHONEOS_DEPLOYMENT_TARGET = 9.0;
				LD_RUNPATH_SEARCH_PATHS = (
					"$(inherited)",
					"@executable_path/Frameworks",
				);
				PRODUCT_BUNDLE_IDENTIFIER = "com.-tcandy.Tcandy";
				PRODUCT_NAME = "$(TARGET_NAME)";
				TARGETED_DEVICE_FAMILY = "1,2";
			};
			name = Release;
		};
/* End XCBuildConfiguration section */

/* Begin XCConfigurationList section */
		2A1FFEFE21250D5500B7BD09 /* Build configuration list for PBXProject "Tcandy" */ = {
			isa = XCConfigurationList;
			buildConfigurations = (
				2A1FFF1721250D5700B7BD09 /* Debug */,
				2A1FFF1821250D5700B7BD09 /* Release */,
			);
			defaultConfigurationIsVisible = 0;
			defaultConfigurationName = Release;
		};
		2A1FFF1921250D5700B7BD09 /* Build configuration list for PBXNativeTarget "Tcandy" */ = {
			isa = XCConfigurationList;
			buildConfigurations = (
				2A1FFF1A21250D5700B7BD09 /* Debug */,
				2A1FFF1B21250D5700B7BD09 /* Release */,
			);
			defaultConfigurationIsVisible = 0;
			defaultConfigurationName = Release;
		};
/* End XCConfigurationList section */
	};
	rootObject = 2A1FFEFB21250D5500B7BD09 /* Project object */;
}
